PODS:
  - Alamofire (4.6.0)
  - ObjectMapper (3.1.0)
  - SnapKit (4.0.0)
  - SwiftyJSON (4.0.0)
  - XCGLogger (4.0.0):
    - XCGLogger/Core (= 4.0.0)
  - XCGLogger/Core (4.0.0)

DEPENDENCIES:
  - Alamofire (~> 4.5)
  - ObjectMapper
  - SnapKit
  - SwiftyJSON
  - XCGLogger (~> 4.0.0)

SPEC CHECKSUMS:
  Alamofire: f41a599bd63041760b26d393ec1069d9d7b917f4
  ObjectMapper: 20505058f54e5c3ca69e1d6de9897d152a5369a6
  SnapKit: a42d492c16e80209130a3379f73596c3454b7694
  SwiftyJSON: 070dabdcb1beb81b247c65ffa3a79dbbfb3b48aa
  XCGLogger: 38063ea89b4c8b23232d18efd2e12eb0005f3ea4

PODFILE CHECKSUM: 5608e088c23c9f2dd7ce5221f58b153139f5c7be

COCOAPODS: 1.4.0
