// !$*UTF8*$!
{
	archiveVersion = 1;
	classes = {
	};
	objectVersion = 48;
	objects = {

/* Begin PBXBuildFile section */
		2736666F1FC3CCAF004D77B4 /* SelectedTypeController.swift in Sources */ = {isa = PBXBuildFile; fileRef = 2736666E1FC3CCAF004D77B4 /* SelectedTypeController.swift */; };
		27720E571FBC1EA200FAE613 /* PutMainTableController.swift in Sources */ = {isa = PBXBuildFile; fileRef = 27720E561FBC1EA200FAE613 /* PutMainTableController.swift */; };
		27720E591FBC1EB400FAE613 /* PutListTableController.swift in Sources */ = {isa = PBXBuildFile; fileRef = 27720E581FBC1EB400FAE613 /* PutListTableController.swift */; };
		279F66EB1FBAE7FA008E66A3 /* AppDelegate.swift in Sources */ = {isa = PBXBuildFile; fileRef = 279F66EA1FBAE7FA008E66A3 /* AppDelegate.swift */; };
		279F66ED1FBAE7FA008E66A3 /* ContentController.swift in Sources */ = {isa = PBXBuildFile; fileRef = 279F66EC1FBAE7FA008E66A3 /* ContentController.swift */; };
		279F66F01FBAE7FA008E66A3 /* Main.storyboard in Resources */ = {isa = PBXBuildFile; fileRef = 279F66EE1FBAE7FA008E66A3 /* Main.storyboard */; };
		279F66F31FBAE7FA008E66A3 /* Vote.xcdatamodeld in Sources */ = {isa = PBXBuildFile; fileRef = 279F66F11FBAE7FA008E66A3 /* Vote.xcdatamodeld */; };
		279F66F51FBAE7FA008E66A3 /* Assets.xcassets in Resources */ = {isa = PBXBuildFile; fileRef = 279F66F41FBAE7FA008E66A3 /* Assets.xcassets */; };
		279F66F81FBAE7FA008E66A3 /* LaunchScreen.storyboard in Resources */ = {isa = PBXBuildFile; fileRef = 279F66F61FBAE7FA008E66A3 /* LaunchScreen.storyboard */; };
		279F67031FBAE7FA008E66A3 /* VoteTests.swift in Sources */ = {isa = PBXBuildFile; fileRef = 279F67021FBAE7FA008E66A3 /* VoteTests.swift */; };
		279F670E1FBAE7FA008E66A3 /* VoteUITests.swift in Sources */ = {isa = PBXBuildFile; fileRef = 279F670D1FBAE7FA008E66A3 /* VoteUITests.swift */; };
		279F671C1FBAE80C008E66A3 /* PodFile in Resources */ = {isa = PBXBuildFile; fileRef = 279F671B1FBAE80C008E66A3 /* PodFile */; };
		279F671E1FBAE862008E66A3 /* VoteListsCell.swift in Sources */ = {isa = PBXBuildFile; fileRef = 279F671D1FBAE862008E66A3 /* VoteListsCell.swift */; };
		279F67241FBAEDFC008E66A3 /* VoteContentController.swift in Sources */ = {isa = PBXBuildFile; fileRef = 279F67231FBAEDFC008E66A3 /* VoteContentController.swift */; };
		27ADA3581FBE86330083ACCA /* MainViewController.swift in Sources */ = {isa = PBXBuildFile; fileRef = 27ADA3571FBE86330083ACCA /* MainViewController.swift */; };
		27ADA35C1FBE88110083ACCA /* NavigationTableView.swift in Sources */ = {isa = PBXBuildFile; fileRef = 27ADA35B1FBE88110083ACCA /* NavigationTableView.swift */; };
		27C77B8B1FC2AB0500F807EF /* PutFirstViewController.swift in Sources */ = {isa = PBXBuildFile; fileRef = 27C77B8A1FC2AB0500F807EF /* PutFirstViewController.swift */; };
		27C815D41FBD6335009C17DA /* PutListCell.swift in Sources */ = {isa = PBXBuildFile; fileRef = 27C815D31FBD6335009C17DA /* PutListCell.swift */; };
		4C2DF38A1FE22FD600190472 /* MultipleChoiceTableViewController.swift in Sources */ = {isa = PBXBuildFile; fileRef = 4C2DF3891FE22FD600190472 /* MultipleChoiceTableViewController.swift */; };
		4C31C99C1FDD575000179BDE /* AddBankCardTableViewController.swift in Sources */ = {isa = PBXBuildFile; fileRef = 4C31C99B1FDD575000179BDE /* AddBankCardTableViewController.swift */; };
		4C31C99E1FDDA53B00179BDE /* LoginTableViewController.swift in Sources */ = {isa = PBXBuildFile; fileRef = 4C31C99D1FDDA53B00179BDE /* LoginTableViewController.swift */; };
		4C34F7111FE1037E007F8F57 /* EditQuestionnaireNameViewController.swift in Sources */ = {isa = PBXBuildFile; fileRef = 4C34F7101FE1037E007F8F57 /* EditQuestionnaireNameViewController.swift */; };
		4C37CC751FCD6D3A0085FDAB /* UserInformationEditingTableViewController.swift in Sources */ = {isa = PBXBuildFile; fileRef = 4C37CC741FCD6D3A0085FDAB /* UserInformationEditingTableViewController.swift */; };
		4C37CC771FCD6FF50085FDAB /* EditUserPhotoTableViewController.swift in Sources */ = {isa = PBXBuildFile; fileRef = 4C37CC761FCD6FF50085FDAB /* EditUserPhotoTableViewController.swift */; };
		4C4C99381FDD1ED90097704E /* BankCardTableViewController.swift in Sources */ = {isa = PBXBuildFile; fileRef = 4C4C99371FDD1ED90097704E /* BankCardTableViewController.swift */; };
		4C4C993A1FDD22550097704E /* BankCardTableViewCell.swift in Sources */ = {isa = PBXBuildFile; fileRef = 4C4C99391FDD22550097704E /* BankCardTableViewCell.swift */; };
		4C5CA8E81FCEB1260033F3E4 /* EditUserInterestTableViewController.swift in Sources */ = {isa = PBXBuildFile; fileRef = 4C5CA8E71FCEB1260033F3E4 /* EditUserInterestTableViewController.swift */; };
		4C5CA8F01FCEB4B30033F3E4 /* EditUserInformationTwoTableViewController.swift in Sources */ = {isa = PBXBuildFile; fileRef = 4C5CA8EF1FCEB4B30033F3E4 /* EditUserInformationTwoTableViewController.swift */; };
		4C5CA8F21FCEB61D0033F3E4 /* EditUserInformationOneViewController.swift in Sources */ = {isa = PBXBuildFile; fileRef = 4C5CA8F11FCEB61D0033F3E4 /* EditUserInformationOneViewController.swift */; };
		4C767A251FD6869F0026387A /* UserInformationEditingThreeViewController.swift in Sources */ = {isa = PBXBuildFile; fileRef = 4C767A241FD6869F0026387A /* UserInformationEditingThreeViewController.swift */; };
		4C768D801FD808A800A53447 /* UserDefaultsName.swift in Sources */ = {isa = PBXBuildFile; fileRef = 4C768D7F1FD808A800A53447 /* UserDefaultsName.swift */; };
		4C768D821FD9253A00A53447 /* EditUserInformationTwoTableViewCell.swift in Sources */ = {isa = PBXBuildFile; fileRef = 4C768D811FD9253A00A53447 /* EditUserInformationTwoTableViewCell.swift */; };
		4CC6D40C1FCCF8FF009B7F02 /* PersonalCenterTableViewController.swift in Sources */ = {isa = PBXBuildFile; fileRef = 4CC6D40B1FCCF8FF009B7F02 /* PersonalCenterTableViewController.swift */; };
		4CC6D40E1FCD0D78009B7F02 /* AccountTableViewController.swift in Sources */ = {isa = PBXBuildFile; fileRef = 4CC6D40D1FCD0D78009B7F02 /* AccountTableViewController.swift */; };
		4CC6D4101FCD1331009B7F02 /* WithdrawTableViewController.swift in Sources */ = {isa = PBXBuildFile; fileRef = 4CC6D40F1FCD1331009B7F02 /* WithdrawTableViewController.swift */; };
		4CC6D4121FCD3232009B7F02 /* RechargeTableViewController.swift in Sources */ = {isa = PBXBuildFile; fileRef = 4CC6D4111FCD3232009B7F02 /* RechargeTableViewController.swift */; };
		4CC6D4141FCD3F31009B7F02 /* QuestionnaireTableViewController.swift in Sources */ = {isa = PBXBuildFile; fileRef = 4CC6D4131FCD3F31009B7F02 /* QuestionnaireTableViewController.swift */; };
		4CC6D4161FCD431A009B7F02 /* QuestionnaireTableViewCell.swift in Sources */ = {isa = PBXBuildFile; fileRef = 4CC6D4151FCD431A009B7F02 /* QuestionnaireTableViewCell.swift */; };
		4CC6D4181FCD5554009B7F02 /* QuestionnaireDetailsTableViewController.swift in Sources */ = {isa = PBXBuildFile; fileRef = 4CC6D4171FCD5554009B7F02 /* QuestionnaireDetailsTableViewController.swift */; };
/* End PBXBuildFile section */

/* Begin PBXContainerItemProxy section */
		279F66FF1FBAE7FA008E66A3 /* PBXContainerItemProxy */ = {
			isa = PBXContainerItemProxy;
			containerPortal = 279F66DF1FBAE7FA008E66A3 /* Project object */;
			proxyType = 1;
			remoteGlobalIDString = 279F66E61FBAE7FA008E66A3;
			remoteInfo = Vote;
		};
		279F670A1FBAE7FA008E66A3 /* PBXContainerItemProxy */ = {
			isa = PBXContainerItemProxy;
			containerPortal = 279F66DF1FBAE7FA008E66A3 /* Project object */;
			proxyType = 1;
			remoteGlobalIDString = 279F66E61FBAE7FA008E66A3;
			remoteInfo = Vote;
		};
/* End PBXContainerItemProxy section */

/* Begin PBXFileReference section */
		2736666E1FC3CCAF004D77B4 /* SelectedTypeController.swift */ = {isa = PBXFileReference; lastKnownFileType = sourcecode.swift; path = SelectedTypeController.swift; sourceTree = "<group>"; };
		27720E561FBC1EA200FAE613 /* PutMainTableController.swift */ = {isa = PBXFileReference; lastKnownFileType = sourcecode.swift; path = PutMainTableController.swift; sourceTree = "<group>"; };
		27720E581FBC1EB400FAE613 /* PutListTableController.swift */ = {isa = PBXFileReference; lastKnownFileType = sourcecode.swift; path = PutListTableController.swift; sourceTree = "<group>"; };
		279F66E71FBAE7FA008E66A3 /* Vote.app */ = {isa = PBXFileReference; explicitFileType = wrapper.application; includeInIndex = 0; path = Vote.app; sourceTree = BUILT_PRODUCTS_DIR; };
		279F66EA1FBAE7FA008E66A3 /* AppDelegate.swift */ = {isa = PBXFileReference; lastKnownFileType = sourcecode.swift; path = AppDelegate.swift; sourceTree = "<group>"; };
		279F66EC1FBAE7FA008E66A3 /* ContentController.swift */ = {isa = PBXFileReference; lastKnownFileType = sourcecode.swift; path = ContentController.swift; sourceTree = "<group>"; };
		279F66EF1FBAE7FA008E66A3 /* Base */ = {isa = PBXFileReference; lastKnownFileType = file.storyboard; name = Base; path = Base.lproj/Main.storyboard; sourceTree = "<group>"; };
		279F66F21FBAE7FA008E66A3 /* Vote.xcdatamodel */ = {isa = PBXFileReference; lastKnownFileType = wrapper.xcdatamodel; path = Vote.xcdatamodel; sourceTree = "<group>"; };
		279F66F41FBAE7FA008E66A3 /* Assets.xcassets */ = {isa = PBXFileReference; lastKnownFileType = folder.assetcatalog; path = Assets.xcassets; sourceTree = "<group>"; };
		279F66F71FBAE7FA008E66A3 /* Base */ = {isa = PBXFileReference; lastKnownFileType = file.storyboard; name = Base; path = Base.lproj/LaunchScreen.storyboard; sourceTree = "<group>"; };
		279F66F91FBAE7FA008E66A3 /* Info.plist */ = {isa = PBXFileReference; lastKnownFileType = text.plist.xml; path = Info.plist; sourceTree = "<group>"; };
		279F66FE1FBAE7FA008E66A3 /* VoteTests.xctest */ = {isa = PBXFileReference; explicitFileType = wrapper.cfbundle; includeInIndex = 0; path = VoteTests.xctest; sourceTree = BUILT_PRODUCTS_DIR; };
		279F67021FBAE7FA008E66A3 /* VoteTests.swift */ = {isa = PBXFileReference; lastKnownFileType = sourcecode.swift; path = VoteTests.swift; sourceTree = "<group>"; };
		279F67041FBAE7FA008E66A3 /* Info.plist */ = {isa = PBXFileReference; lastKnownFileType = text.plist.xml; path = Info.plist; sourceTree = "<group>"; };
		279F67091FBAE7FA008E66A3 /* VoteUITests.xctest */ = {isa = PBXFileReference; explicitFileType = wrapper.cfbundle; includeInIndex = 0; path = VoteUITests.xctest; sourceTree = BUILT_PRODUCTS_DIR; };
		279F670D1FBAE7FA008E66A3 /* VoteUITests.swift */ = {isa = PBXFileReference; lastKnownFileType = sourcecode.swift; path = VoteUITests.swift; sourceTree = "<group>"; };
		279F670F1FBAE7FA008E66A3 /* Info.plist */ = {isa = PBXFileReference; lastKnownFileType = text.plist.xml; path = Info.plist; sourceTree = "<group>"; };
		279F671B1FBAE80C008E66A3 /* PodFile */ = {isa = PBXFileReference; lastKnownFileType = text; path = PodFile; sourceTree = "<group>"; };
		279F671D1FBAE862008E66A3 /* VoteListsCell.swift */ = {isa = PBXFileReference; lastKnownFileType = sourcecode.swift; path = VoteListsCell.swift; sourceTree = "<group>"; };
		279F67231FBAEDFC008E66A3 /* VoteContentController.swift */ = {isa = PBXFileReference; lastKnownFileType = sourcecode.swift; path = VoteContentController.swift; sourceTree = "<group>"; };
		27ADA3571FBE86330083ACCA /* MainViewController.swift */ = {isa = PBXFileReference; lastKnownFileType = sourcecode.swift; path = MainViewController.swift; sourceTree = "<group>"; };
		27ADA35B1FBE88110083ACCA /* NavigationTableView.swift */ = {isa = PBXFileReference; lastKnownFileType = sourcecode.swift; path = NavigationTableView.swift; sourceTree = "<group>"; };
		27C77B8A1FC2AB0500F807EF /* PutFirstViewController.swift */ = {isa = PBXFileReference; lastKnownFileType = sourcecode.swift; path = PutFirstViewController.swift; sourceTree = "<group>"; };
		27C815D31FBD6335009C17DA /* PutListCell.swift */ = {isa = PBXFileReference; lastKnownFileType = sourcecode.swift; path = PutListCell.swift; sourceTree = "<group>"; };
		4C2DF3891FE22FD600190472 /* MultipleChoiceTableViewController.swift */ = {isa = PBXFileReference; lastKnownFileType = sourcecode.swift; path = MultipleChoiceTableViewController.swift; sourceTree = "<group>"; };
		4C31C99B1FDD575000179BDE /* AddBankCardTableViewController.swift */ = {isa = PBXFileReference; lastKnownFileType = sourcecode.swift; path = AddBankCardTableViewController.swift; sourceTree = "<group>"; };
		4C31C99D1FDDA53B00179BDE /* LoginTableViewController.swift */ = {isa = PBXFileReference; lastKnownFileType = sourcecode.swift; path = LoginTableViewController.swift; sourceTree = "<group>"; };
		4C34F7101FE1037E007F8F57 /* EditQuestionnaireNameViewController.swift */ = {isa = PBXFileReference; lastKnownFileType = sourcecode.swift; path = EditQuestionnaireNameViewController.swift; sourceTree = "<group>"; };
		4C37CC741FCD6D3A0085FDAB /* UserInformationEditingTableViewController.swift */ = {isa = PBXFileReference; lastKnownFileType = sourcecode.swift; path = UserInformationEditingTableViewController.swift; sourceTree = "<group>"; };
		4C37CC761FCD6FF50085FDAB /* EditUserPhotoTableViewController.swift */ = {isa = PBXFileReference; lastKnownFileType = sourcecode.swift; path = EditUserPhotoTableViewController.swift; sourceTree = "<group>"; };
		4C4C99371FDD1ED90097704E /* BankCardTableViewController.swift */ = {isa = PBXFileReference; lastKnownFileType = sourcecode.swift; path = BankCardTableViewController.swift; sourceTree = "<group>"; };
		4C4C99391FDD22550097704E /* BankCardTableViewCell.swift */ = {isa = PBXFileReference; lastKnownFileType = sourcecode.swift; path = BankCardTableViewCell.swift; sourceTree = "<group>"; };
		4C5CA8E71FCEB1260033F3E4 /* EditUserInterestTableViewController.swift */ = {isa = PBXFileReference; lastKnownFileType = sourcecode.swift; path = EditUserInterestTableViewController.swift; sourceTree = "<group>"; };
		4C5CA8EF1FCEB4B30033F3E4 /* EditUserInformationTwoTableViewController.swift */ = {isa = PBXFileReference; lastKnownFileType = sourcecode.swift; path = EditUserInformationTwoTableViewController.swift; sourceTree = "<group>"; };
		4C5CA8F11FCEB61D0033F3E4 /* EditUserInformationOneViewController.swift */ = {isa = PBXFileReference; lastKnownFileType = sourcecode.swift; path = EditUserInformationOneViewController.swift; sourceTree = "<group>"; };
		4C767A241FD6869F0026387A /* UserInformationEditingThreeViewController.swift */ = {isa = PBXFileReference; lastKnownFileType = sourcecode.swift; path = UserInformationEditingThreeViewController.swift; sourceTree = "<group>"; };
		4C768D7F1FD808A800A53447 /* UserDefaultsName.swift */ = {isa = PBXFileReference; lastKnownFileType = sourcecode.swift; path = UserDefaultsName.swift; sourceTree = "<group>"; };
		4C768D811FD9253A00A53447 /* EditUserInformationTwoTableViewCell.swift */ = {isa = PBXFileReference; lastKnownFileType = sourcecode.swift; path = EditUserInformationTwoTableViewCell.swift; sourceTree = "<group>"; };
		4CC6D40B1FCCF8FF009B7F02 /* PersonalCenterTableViewController.swift */ = {isa = PBXFileReference; lastKnownFileType = sourcecode.swift; path = PersonalCenterTableViewController.swift; sourceTree = "<group>"; };
		4CC6D40D1FCD0D78009B7F02 /* AccountTableViewController.swift */ = {isa = PBXFileReference; lastKnownFileType = sourcecode.swift; path = AccountTableViewController.swift; sourceTree = "<group>"; };
		4CC6D40F1FCD1331009B7F02 /* WithdrawTableViewController.swift */ = {isa = PBXFileReference; lastKnownFileType = sourcecode.swift; path = WithdrawTableViewController.swift; sourceTree = "<group>"; };
		4CC6D4111FCD3232009B7F02 /* RechargeTableViewController.swift */ = {isa = PBXFileReference; lastKnownFileType = sourcecode.swift; path = RechargeTableViewController.swift; sourceTree = "<group>"; };
		4CC6D4131FCD3F31009B7F02 /* QuestionnaireTableViewController.swift */ = {isa = PBXFileReference; lastKnownFileType = sourcecode.swift; path = QuestionnaireTableViewController.swift; sourceTree = "<group>"; };
		4CC6D4151FCD431A009B7F02 /* QuestionnaireTableViewCell.swift */ = {isa = PBXFileReference; lastKnownFileType = sourcecode.swift; path = QuestionnaireTableViewCell.swift; sourceTree = "<group>"; };
		4CC6D4171FCD5554009B7F02 /* QuestionnaireDetailsTableViewController.swift */ = {isa = PBXFileReference; lastKnownFileType = sourcecode.swift; path = QuestionnaireDetailsTableViewController.swift; sourceTree = "<group>"; };
/* End PBXFileReference section */

/* Begin PBXFrameworksBuildPhase section */
		279F66E41FBAE7FA008E66A3 /* Frameworks */ = {
			isa = PBXFrameworksBuildPhase;
			buildActionMask = 2147483647;
			files = (
			);
			runOnlyForDeploymentPostprocessing = 0;
		};
		279F66FB1FBAE7FA008E66A3 /* Frameworks */ = {
			isa = PBXFrameworksBuildPhase;
			buildActionMask = 2147483647;
			files = (
			);
			runOnlyForDeploymentPostprocessing = 0;
		};
		279F67061FBAE7FA008E66A3 /* Frameworks */ = {
			isa = PBXFrameworksBuildPhase;
			buildActionMask = 2147483647;
			files = (
			);
			runOnlyForDeploymentPostprocessing = 0;
		};
/* End PBXFrameworksBuildPhase section */

/* Begin PBXGroup section */
		27720E551FBC1E6A00FAE613 /* Put */ = {
			isa = PBXGroup;
			children = (
				27720E561FBC1EA200FAE613 /* PutMainTableController.swift */,
				27720E581FBC1EB400FAE613 /* PutListTableController.swift */,
				27C815D31FBD6335009C17DA /* PutListCell.swift */,
				4C34F7101FE1037E007F8F57 /* EditQuestionnaireNameViewController.swift */,
				4C2DF3891FE22FD600190472 /* MultipleChoiceTableViewController.swift */,
				27C77B8A1FC2AB0500F807EF /* PutFirstViewController.swift */,
				2736666E1FC3CCAF004D77B4 /* SelectedTypeController.swift */,
			);
			name = Put;
			path = ..;
			sourceTree = "<group>";
		};
		279F66DE1FBAE7FA008E66A3 = {
			isa = PBXGroup;
			children = (
				279F671B1FBAE80C008E66A3 /* PodFile */,
				279F66E91FBAE7FA008E66A3 /* Vote */,
				279F67011FBAE7FA008E66A3 /* VoteTests */,
				279F670C1FBAE7FA008E66A3 /* VoteUITests */,
				279F66E81FBAE7FA008E66A3 /* Products */,
			);
			sourceTree = "<group>";
		};
		279F66E81FBAE7FA008E66A3 /* Products */ = {
			isa = PBXGroup;
			children = (
				279F66E71FBAE7FA008E66A3 /* Vote.app */,
				279F66FE1FBAE7FA008E66A3 /* VoteTests.xctest */,
				279F67091FBAE7FA008E66A3 /* VoteUITests.xctest */,
			);
			name = Products;
			sourceTree = "<group>";
		};
		279F66E91FBAE7FA008E66A3 /* Vote */ = {
			isa = PBXGroup;
			children = (
				4CC6D40A1FCCF875009B7F02 /* Personal Center */,
				27720E551FBC1E6A00FAE613 /* Put */,
				279F67221FBAEDCC008E66A3 /* VoteContent */,
				279F67211FBAE889008E66A3 /* Main */,
				279F66EA1FBAE7FA008E66A3 /* AppDelegate.swift */,
				4C768D7F1FD808A800A53447 /* UserDefaultsName.swift */,
				279F66EE1FBAE7FA008E66A3 /* Main.storyboard */,
				279F66F41FBAE7FA008E66A3 /* Assets.xcassets */,
				279F66F61FBAE7FA008E66A3 /* LaunchScreen.storyboard */,
				279F66F91FBAE7FA008E66A3 /* Info.plist */,
				279F66F11FBAE7FA008E66A3 /* Vote.xcdatamodeld */,
			);
			path = Vote;
			sourceTree = "<group>";
		};
		279F67011FBAE7FA008E66A3 /* VoteTests */ = {
			isa = PBXGroup;
			children = (
				279F67021FBAE7FA008E66A3 /* VoteTests.swift */,
				279F67041FBAE7FA008E66A3 /* Info.plist */,
			);
			path = VoteTests;
			sourceTree = "<group>";
		};
		279F670C1FBAE7FA008E66A3 /* VoteUITests */ = {
			isa = PBXGroup;
			children = (
				279F670D1FBAE7FA008E66A3 /* VoteUITests.swift */,
				279F670F1FBAE7FA008E66A3 /* Info.plist */,
			);
			path = VoteUITests;
			sourceTree = "<group>";
		};
		279F67211FBAE889008E66A3 /* Main */ = {
			isa = PBXGroup;
			children = (
				279F671D1FBAE862008E66A3 /* VoteListsCell.swift */,
				27ADA35B1FBE88110083ACCA /* NavigationTableView.swift */,
				27ADA3571FBE86330083ACCA /* MainViewController.swift */,
			);
			path = Main;
			sourceTree = "<group>";
		};
		279F67221FBAEDCC008E66A3 /* VoteContent */ = {
			isa = PBXGroup;
			children = (
				279F66EC1FBAE7FA008E66A3 /* ContentController.swift */,
				279F67231FBAEDFC008E66A3 /* VoteContentController.swift */,
			);
			path = VoteContent;
			sourceTree = "<group>";
		};
		4CC6D40A1FCCF875009B7F02 /* Personal Center */ = {
			isa = PBXGroup;
			children = (
				4C37CC741FCD6D3A0085FDAB /* UserInformationEditingTableViewController.swift */,
				4CC6D40F1FCD1331009B7F02 /* WithdrawTableViewController.swift */,
				4CC6D4151FCD431A009B7F02 /* QuestionnaireTableViewCell.swift */,
				4C768D811FD9253A00A53447 /* EditUserInformationTwoTableViewCell.swift */,
				4C4C99391FDD22550097704E /* BankCardTableViewCell.swift */,
				4CC6D4111FCD3232009B7F02 /* RechargeTableViewController.swift */,
				4CC6D4171FCD5554009B7F02 /* QuestionnaireDetailsTableViewController.swift */,
				4C37CC761FCD6FF50085FDAB /* EditUserPhotoTableViewController.swift */,
				4C5CA8E71FCEB1260033F3E4 /* EditUserInterestTableViewController.swift */,
				4C767A241FD6869F0026387A /* UserInformationEditingThreeViewController.swift */,
				4C31C99D1FDDA53B00179BDE /* LoginTableViewController.swift */,
				4CC6D4131FCD3F31009B7F02 /* QuestionnaireTableViewController.swift */,
				4C4C99371FDD1ED90097704E /* BankCardTableViewController.swift */,
				4CC6D40B1FCCF8FF009B7F02 /* PersonalCenterTableViewController.swift */,
				4CC6D40D1FCD0D78009B7F02 /* AccountTableViewController.swift */,
				4C5CA8EF1FCEB4B30033F3E4 /* EditUserInformationTwoTableViewController.swift */,
				4C5CA8F11FCEB61D0033F3E4 /* EditUserInformationOneViewController.swift */,
				4C31C99B1FDD575000179BDE /* AddBankCardTableViewController.swift */,
			);
			path = "Personal Center";
			sourceTree = "<group>";
		};
/* End PBXGroup section */

/* Begin PBXNativeTarget section */
		279F66E61FBAE7FA008E66A3 /* Vote */ = {
			isa = PBXNativeTarget;
			buildConfigurationList = 279F67121FBAE7FA008E66A3 /* Build configuration list for PBXNativeTarget "Vote" */;
			buildPhases = (
				279F66E31FBAE7FA008E66A3 /* Sources */,
				279F66E41FBAE7FA008E66A3 /* Frameworks */,
				279F66E51FBAE7FA008E66A3 /* Resources */,
			);
			buildRules = (
			);
			dependencies = (
			);
			name = Vote;
			productName = Vote;
			productReference = 279F66E71FBAE7FA008E66A3 /* Vote.app */;
			productType = "com.apple.product-type.application";
		};
		279F66FD1FBAE7FA008E66A3 /* VoteTests */ = {
			isa = PBXNativeTarget;
			buildConfigurationList = 279F67151FBAE7FA008E66A3 /* Build configuration list for PBXNativeTarget "VoteTests" */;
			buildPhases = (
				279F66FA1FBAE7FA008E66A3 /* Sources */,
				279F66FB1FBAE7FA008E66A3 /* Frameworks */,
				279F66FC1FBAE7FA008E66A3 /* Resources */,
			);
			buildRules = (
			);
			dependencies = (
				279F67001FBAE7FA008E66A3 /* PBXTargetDependency */,
			);
			name = VoteTests;
			productName = VoteTests;
			productReference = 279F66FE1FBAE7FA008E66A3 /* VoteTests.xctest */;
			productType = "com.apple.product-type.bundle.unit-test";
		};
		279F67081FBAE7FA008E66A3 /* VoteUITests */ = {
			isa = PBXNativeTarget;
			buildConfigurationList = 279F67181FBAE7FA008E66A3 /* Build configuration list for PBXNativeTarget "VoteUITests" */;
			buildPhases = (
				279F67051FBAE7FA008E66A3 /* Sources */,
				279F67061FBAE7FA008E66A3 /* Frameworks */,
				279F67071FBAE7FA008E66A3 /* Resources */,
			);
			buildRules = (
			);
			dependencies = (
				279F670B1FBAE7FA008E66A3 /* PBXTargetDependency */,
			);
			name = VoteUITests;
			productName = VoteUITests;
			productReference = 279F67091FBAE7FA008E66A3 /* VoteUITests.xctest */;
			productType = "com.apple.product-type.bundle.ui-testing";
		};
/* End PBXNativeTarget section */

/* Begin PBXProject section */
		279F66DF1FBAE7FA008E66A3 /* Project object */ = {
			isa = PBXProject;
			attributes = {
				LastSwiftUpdateCheck = 0910;
				LastUpgradeCheck = 0910;
				ORGANIZATIONNAME = "林以达";
				TargetAttributes = {
					279F66E61FBAE7FA008E66A3 = {
						CreatedOnToolsVersion = 9.1;
						ProvisioningStyle = Automatic;
					};
					279F66FD1FBAE7FA008E66A3 = {
						CreatedOnToolsVersion = 9.1;
						ProvisioningStyle = Automatic;
						TestTargetID = 279F66E61FBAE7FA008E66A3;
					};
					279F67081FBAE7FA008E66A3 = {
						CreatedOnToolsVersion = 9.1;
						ProvisioningStyle = Automatic;
						TestTargetID = 279F66E61FBAE7FA008E66A3;
					};
				};
			};
			buildConfigurationList = 279F66E21FBAE7FA008E66A3 /* Build configuration list for PBXProject "Vote" */;
			compatibilityVersion = "Xcode 8.0";
			developmentRegion = en;
			hasScannedForEncodings = 0;
			knownRegions = (
				en,
				Base,
			);
			mainGroup = 279F66DE1FBAE7FA008E66A3;
			productRefGroup = 279F66E81FBAE7FA008E66A3 /* Products */;
			projectDirPath = "";
			projectRoot = "";
			targets = (
				279F66E61FBAE7FA008E66A3 /* Vote */,
				279F66FD1FBAE7FA008E66A3 /* VoteTests */,
				279F67081FBAE7FA008E66A3 /* VoteUITests */,
			);
		};
/* End PBXProject section */

/* Begin PBXResourcesBuildPhase section */
		279F66E51FBAE7FA008E66A3 /* Resources */ = {
			isa = PBXResourcesBuildPhase;
			buildActionMask = 2147483647;
			files = (
				279F671C1FBAE80C008E66A3 /* PodFile in Resources */,
				279F66F81FBAE7FA008E66A3 /* LaunchScreen.storyboard in Resources */,
				279F66F51FBAE7FA008E66A3 /* Assets.xcassets in Resources */,
				279F66F01FBAE7FA008E66A3 /* Main.storyboard in Resources */,
			);
			runOnlyForDeploymentPostprocessing = 0;
		};
		279F66FC1FBAE7FA008E66A3 /* Resources */ = {
			isa = PBXResourcesBuildPhase;
			buildActionMask = 2147483647;
			files = (
			);
			runOnlyForDeploymentPostprocessing = 0;
		};
		279F67071FBAE7FA008E66A3 /* Resources */ = {
			isa = PBXResourcesBuildPhase;
			buildActionMask = 2147483647;
			files = (
			);
			runOnlyForDeploymentPostprocessing = 0;
		};
/* End PBXResourcesBuildPhase section */

/* Begin PBXSourcesBuildPhase section */
		279F66E31FBAE7FA008E66A3 /* Sources */ = {
			isa = PBXSourcesBuildPhase;
			buildActionMask = 2147483647;
			files = (
				4C5CA8E81FCEB1260033F3E4 /* EditUserInterestTableViewController.swift in Sources */,
				27720E591FBC1EB400FAE613 /* PutListTableController.swift in Sources */,
				4C31C99E1FDDA53B00179BDE /* LoginTableViewController.swift in Sources */,
				279F66ED1FBAE7FA008E66A3 /* ContentController.swift in Sources */,
				4CC6D4141FCD3F31009B7F02 /* QuestionnaireTableViewController.swift in Sources */,
				4CC6D40E1FCD0D78009B7F02 /* AccountTableViewController.swift in Sources */,
				2736666F1FC3CCAF004D77B4 /* SelectedTypeController.swift in Sources */,
				279F66F31FBAE7FA008E66A3 /* Vote.xcdatamodeld in Sources */,
				4C37CC771FCD6FF50085FDAB /* EditUserPhotoTableViewController.swift in Sources */,
				27C815D41FBD6335009C17DA /* PutListCell.swift in Sources */,
				27720E571FBC1EA200FAE613 /* PutMainTableController.swift in Sources */,
				4C2DF38A1FE22FD600190472 /* MultipleChoiceTableViewController.swift in Sources */,
				4CC6D4101FCD1331009B7F02 /* WithdrawTableViewController.swift in Sources */,
				279F66EB1FBAE7FA008E66A3 /* AppDelegate.swift in Sources */,
				4C37CC751FCD6D3A0085FDAB /* UserInformationEditingTableViewController.swift in Sources */,
				27ADA35C1FBE88110083ACCA /* NavigationTableView.swift in Sources */,
				4C767A251FD6869F0026387A /* UserInformationEditingThreeViewController.swift in Sources */,
				27C77B8B1FC2AB0500F807EF /* PutFirstViewController.swift in Sources */,
				4C34F7111FE1037E007F8F57 /* EditQuestionnaireNameViewController.swift in Sources */,
				4C768D821FD9253A00A53447 /* EditUserInformationTwoTableViewCell.swift in Sources */,
				4C31C99C1FDD575000179BDE /* AddBankCardTableViewController.swift in Sources */,
				279F671E1FBAE862008E66A3 /* VoteListsCell.swift in Sources */,
				4CC6D4181FCD5554009B7F02 /* QuestionnaireDetailsTableViewController.swift in Sources */,
				4C4C99381FDD1ED90097704E /* BankCardTableViewController.swift in Sources */,
				4C4C993A1FDD22550097704E /* BankCardTableViewCell.swift in Sources */,
				4C5CA8F21FCEB61D0033F3E4 /* EditUserInformationOneViewController.swift in Sources */,
				4CC6D4121FCD3232009B7F02 /* RechargeTableViewController.swift in Sources */,
				4CC6D4161FCD431A009B7F02 /* QuestionnaireTableViewCell.swift in Sources */,
				279F67241FBAEDFC008E66A3 /* VoteContentController.swift in Sources */,
				27ADA3581FBE86330083ACCA /* MainViewController.swift in Sources */,
				4C768D801FD808A800A53447 /* UserDefaultsName.swift in Sources */,
				4C5CA8F01FCEB4B30033F3E4 /* EditUserInformationTwoTableViewController.swift in Sources */,
				4CC6D40C1FCCF8FF009B7F02 /* PersonalCenterTableViewController.swift in Sources */,
			);
			runOnlyForDeploymentPostprocessing = 0;
		};
		279F66FA1FBAE7FA008E66A3 /* Sources */ = {
			isa = PBXSourcesBuildPhase;
			buildActionMask = 2147483647;
			files = (
				279F67031FBAE7FA008E66A3 /* VoteTests.swift in Sources */,
			);
			runOnlyForDeploymentPostprocessing = 0;
		};
		279F67051FBAE7FA008E66A3 /* Sources */ = {
			isa = PBXSourcesBuildPhase;
			buildActionMask = 2147483647;
			files = (
				279F670E1FBAE7FA008E66A3 /* VoteUITests.swift in Sources */,
			);
			runOnlyForDeploymentPostprocessing = 0;
		};
/* End PBXSourcesBuildPhase section */

/* Begin PBXTargetDependency section */
		279F67001FBAE7FA008E66A3 /* PBXTargetDependency */ = {
			isa = PBXTargetDependency;
			target = 279F66E61FBAE7FA008E66A3 /* Vote */;
			targetProxy = 279F66FF1FBAE7FA008E66A3 /* PBXContainerItemProxy */;
		};
		279F670B1FBAE7FA008E66A3 /* PBXTargetDependency */ = {
			isa = PBXTargetDependency;
			target = 279F66E61FBAE7FA008E66A3 /* Vote */;
			targetProxy = 279F670A1FBAE7FA008E66A3 /* PBXContainerItemProxy */;
		};
/* End PBXTargetDependency section */

/* Begin PBXVariantGroup section */
		279F66EE1FBAE7FA008E66A3 /* Main.storyboard */ = {
			isa = PBXVariantGroup;
			children = (
				279F66EF1FBAE7FA008E66A3 /* Base */,
			);
			name = Main.storyboard;
			sourceTree = "<group>";
		};
		279F66F61FBAE7FA008E66A3 /* LaunchScreen.storyboard */ = {
			isa = PBXVariantGroup;
			children = (
				279F66F71FBAE7FA008E66A3 /* Base */,
			);
			name = LaunchScreen.storyboard;
			sourceTree = "<group>";
		};
/* End PBXVariantGroup section */

/* Begin XCBuildConfiguration section */
		279F67101FBAE7FA008E66A3 /* Debug */ = {
			isa = XCBuildConfiguration;
			buildSettings = {
				ALWAYS_SEARCH_USER_PATHS = NO;
				CLANG_ANALYZER_NONNULL = YES;
				CLANG_ANALYZER_NUMBER_OBJECT_CONVERSION = YES_AGGRESSIVE;
				CLANG_CXX_LANGUAGE_STANDARD = "gnu++14";
				CLANG_CXX_LIBRARY = "libc++";
				CLANG_ENABLE_MODULES = YES;
				CLANG_ENABLE_OBJC_ARC = YES;
				CLANG_WARN_BLOCK_CAPTURE_AUTORELEASING = YES;
				CLANG_WARN_BOOL_CONVERSION = YES;
				CLANG_WARN_COMMA = YES;
				CLANG_WARN_CONSTANT_CONVERSION = YES;
				CLANG_WARN_DIRECT_OBJC_ISA_USAGE = YES_ERROR;
				CLANG_WARN_DOCUMENTATION_COMMENTS = YES;
				CLANG_WARN_EMPTY_BODY = YES;
				CLANG_WARN_ENUM_CONVERSION = YES;
				CLANG_WARN_INFINITE_RECURSION = YES;
				CLANG_WARN_INT_CONVERSION = YES;
				CLANG_WARN_NON_LITERAL_NULL_CONVERSION = YES;
				CLANG_WARN_OBJC_LITERAL_CONVERSION = YES;
				CLANG_WARN_OBJC_ROOT_CLASS = YES_ERROR;
				CLANG_WARN_RANGE_LOOP_ANALYSIS = YES;
				CLANG_WARN_STRICT_PROTOTYPES = YES;
				CLANG_WARN_SUSPICIOUS_MOVE = YES;
				CLANG_WARN_UNGUARDED_AVAILABILITY = YES_AGGRESSIVE;
				CLANG_WARN_UNREACHABLE_CODE = YES;
				CLANG_WARN__DUPLICATE_METHOD_MATCH = YES;
				CODE_SIGN_IDENTITY = "iPhone Developer";
				COPY_PHASE_STRIP = NO;
				DEBUG_INFORMATION_FORMAT = dwarf;
				ENABLE_STRICT_OBJC_MSGSEND = YES;
				ENABLE_TESTABILITY = YES;
				GCC_C_LANGUAGE_STANDARD = gnu11;
				GCC_DYNAMIC_NO_PIC = NO;
				GCC_NO_COMMON_BLOCKS = YES;
				GCC_OPTIMIZATION_LEVEL = 0;
				GCC_PREPROCESSOR_DEFINITIONS = (
					"DEBUG=1",
					"$(inherited)",
				);
				GCC_WARN_64_TO_32_BIT_CONVERSION = YES;
				GCC_WARN_ABOUT_RETURN_TYPE = YES_ERROR;
				GCC_WARN_UNDECLARED_SELECTOR = YES;
				GCC_WARN_UNINITIALIZED_AUTOS = YES_AGGRESSIVE;
				GCC_WARN_UNUSED_FUNCTION = YES;
				GCC_WARN_UNUSED_VARIABLE = YES;
				IPHONEOS_DEPLOYMENT_TARGET = 11.1;
				MTL_ENABLE_DEBUG_INFO = YES;
				ONLY_ACTIVE_ARCH = YES;
				SDKROOT = iphoneos;
				SWIFT_ACTIVE_COMPILATION_CONDITIONS = DEBUG;
				SWIFT_OPTIMIZATION_LEVEL = "-Onone";
			};
			name = Debug;
		};
		279F67111FBAE7FA008E66A3 /* Release */ = {
			isa = XCBuildConfiguration;
			buildSettings = {
				ALWAYS_SEARCH_USER_PATHS = NO;
				CLANG_ANALYZER_NONNULL = YES;
				CLANG_ANALYZER_NUMBER_OBJECT_CONVERSION = YES_AGGRESSIVE;
				CLANG_CXX_LANGUAGE_STANDARD = "gnu++14";
				CLANG_CXX_LIBRARY = "libc++";
				CLANG_ENABLE_MODULES = YES;
				CLANG_ENABLE_OBJC_ARC = YES;
				CLANG_WARN_BLOCK_CAPTURE_AUTORELEASING = YES;
				CLANG_WARN_BOOL_CONVERSION = YES;
				CLANG_WARN_COMMA = YES;
				CLANG_WARN_CONSTANT_CONVERSION = YES;
				CLANG_WARN_DIRECT_OBJC_ISA_USAGE = YES_ERROR;
				CLANG_WARN_DOCUMENTATION_COMMENTS = YES;
				CLANG_WARN_EMPTY_BODY = YES;
				CLANG_WARN_ENUM_CONVERSION = YES;
				CLANG_WARN_INFINITE_RECURSION = YES;
				CLANG_WARN_INT_CONVERSION = YES;
				CLANG_WARN_NON_LITERAL_NULL_CONVERSION = YES;
				CLANG_WARN_OBJC_LITERAL_CONVERSION = YES;
				CLANG_WARN_OBJC_ROOT_CLASS = YES_ERROR;
				CLANG_WARN_RANGE_LOOP_ANALYSIS = YES;
				CLANG_WARN_STRICT_PROTOTYPES = YES;
				CLANG_WARN_SUSPICIOUS_MOVE = YES;
				CLANG_WARN_UNGUARDED_AVAILABILITY = YES_AGGRESSIVE;
				CLANG_WARN_UNREACHABLE_CODE = YES;
				CLANG_WARN__DUPLICATE_METHOD_MATCH = YES;
				CODE_SIGN_IDENTITY = "iPhone Developer";
				COPY_PHASE_STRIP = NO;
				DEBUG_INFORMATION_FORMAT = "dwarf-with-dsym";
				ENABLE_NS_ASSERTIONS = NO;
				ENABLE_STRICT_OBJC_MSGSEND = YES;
				GCC_C_LANGUAGE_STANDARD = gnu11;
				GCC_NO_COMMON_BLOCKS = YES;
				GCC_WARN_64_TO_32_BIT_CONVERSION = YES;
				GCC_WARN_ABOUT_RETURN_TYPE = YES_ERROR;
				GCC_WARN_UNDECLARED_SELECTOR = YES;
				GCC_WARN_UNINITIALIZED_AUTOS = YES_AGGRESSIVE;
				GCC_WARN_UNUSED_FUNCTION = YES;
				GCC_WARN_UNUSED_VARIABLE = YES;
				IPHONEOS_DEPLOYMENT_TARGET = 11.1;
				MTL_ENABLE_DEBUG_INFO = NO;
				SDKROOT = iphoneos;
				SWIFT_OPTIMIZATION_LEVEL = "-Owholemodule";
				VALIDATE_PRODUCT = YES;
			};
			name = Release;
		};
		279F67131FBAE7FA008E66A3 /* Debug */ = {
			isa = XCBuildConfiguration;
			buildSettings = {
				ASSETCATALOG_COMPILER_APPICON_NAME = AppIcon;
				ASSETCATALOG_COMPILER_LAUNCHIMAGE_NAME = LaunchImage;
				CODE_SIGN_STYLE = Automatic;
				DEVELOPMENT_TEAM = 42AJ9MEY78;
				INFOPLIST_FILE = Vote/Info.plist;
				IPHONEOS_DEPLOYMENT_TARGET = 11.1;
				LD_RUNPATH_SEARCH_PATHS = "$(inherited) @executable_path/Frameworks";
				PRODUCT_BUNDLE_IDENTIFIER = hmx.vote;
				PRODUCT_NAME = "$(TARGET_NAME)";
				SWIFT_VERSION = 4.0;
				TARGETED_DEVICE_FAMILY = "1,2";
			};
			name = Debug;
		};
		279F67141FBAE7FA008E66A3 /* Release */ = {
			isa = XCBuildConfiguration;
			buildSettings = {
				ASSETCATALOG_COMPILER_APPICON_NAME = AppIcon;
				ASSETCATALOG_COMPILER_LAUNCHIMAGE_NAME = LaunchImage;
				CODE_SIGN_STYLE = Automatic;
				DEVELOPMENT_TEAM = 42AJ9MEY78;
				INFOPLIST_FILE = Vote/Info.plist;
				IPHONEOS_DEPLOYMENT_TARGET = 11.1;
				LD_RUNPATH_SEARCH_PATHS = "$(inherited) @executable_path/Frameworks";
				PRODUCT_BUNDLE_IDENTIFIER = hmx.vote;
				PRODUCT_NAME = "$(TARGET_NAME)";
				SWIFT_VERSION = 4.0;
				TARGETED_DEVICE_FAMILY = "1,2";
			};
			name = Release;
		};
		279F67161FBAE7FA008E66A3 /* Debug */ = {
			isa = XCBuildConfiguration;
			buildSettings = {
				ALWAYS_EMBED_SWIFT_STANDARD_LIBRARIES = YES;
				BUNDLE_LOADER = "$(TEST_HOST)";
				CODE_SIGN_STYLE = Automatic;
				DEVELOPMENT_TEAM = XD349479M7;
				INFOPLIST_FILE = VoteTests/Info.plist;
				LD_RUNPATH_SEARCH_PATHS = "$(inherited) @executable_path/Frameworks @loader_path/Frameworks";
				PRODUCT_BUNDLE_IDENTIFIER = Manlin.VoteTests;
				PRODUCT_NAME = "$(TARGET_NAME)";
				SWIFT_VERSION = 4.0;
				TARGETED_DEVICE_FAMILY = "1,2";
				TEST_HOST = "$(BUILT_PRODUCTS_DIR)/Vote.app/Vote";
			};
			name = Debug;
		};
		279F67171FBAE7FA008E66A3 /* Release */ = {
			isa = XCBuildConfiguration;
			buildSettings = {
				ALWAYS_EMBED_SWIFT_STANDARD_LIBRARIES = YES;
				BUNDLE_LOADER = "$(TEST_HOST)";
				CODE_SIGN_STYLE = Automatic;
				DEVELOPMENT_TEAM = XD349479M7;
				INFOPLIST_FILE = VoteTests/Info.plist;
				LD_RUNPATH_SEARCH_PATHS = "$(inherited) @executable_path/Frameworks @loader_path/Frameworks";
				PRODUCT_BUNDLE_IDENTIFIER = Manlin.VoteTests;
				PRODUCT_NAME = "$(TARGET_NAME)";
				SWIFT_VERSION = 4.0;
				TARGETED_DEVICE_FAMILY = "1,2";
				TEST_HOST = "$(BUILT_PRODUCTS_DIR)/Vote.app/Vote";
			};
			name = Release;
		};
		279F67191FBAE7FA008E66A3 /* Debug */ = {
			isa = XCBuildConfiguration;
			buildSettings = {
				ALWAYS_EMBED_SWIFT_STANDARD_LIBRARIES = YES;
				CODE_SIGN_STYLE = Automatic;
				DEVELOPMENT_TEAM = XD349479M7;
				INFOPLIST_FILE = VoteUITests/Info.plist;
				LD_RUNPATH_SEARCH_PATHS = "$(inherited) @executable_path/Frameworks @loader_path/Frameworks";
				PRODUCT_BUNDLE_IDENTIFIER = Manlin.VoteUITests;
				PRODUCT_NAME = "$(TARGET_NAME)";
				SWIFT_VERSION = 4.0;
				TARGETED_DEVICE_FAMILY = "1,2";
				TEST_TARGET_NAME = Vote;
			};
			name = Debug;
		};
		279F671A1FBAE7FA008E66A3 /* Release */ = {
			isa = XCBuildConfiguration;
			buildSettings = {
				ALWAYS_EMBED_SWIFT_STANDARD_LIBRARIES = YES;
				CODE_SIGN_STYLE = Automatic;
				DEVELOPMENT_TEAM = XD349479M7;
				INFOPLIST_FILE = VoteUITests/Info.plist;
				LD_RUNPATH_SEARCH_PATHS = "$(inherited) @executable_path/Frameworks @loader_path/Frameworks";
				PRODUCT_BUNDLE_IDENTIFIER = Manlin.VoteUITests;
				PRODUCT_NAME = "$(TARGET_NAME)";
				SWIFT_VERSION = 4.0;
				TARGETED_DEVICE_FAMILY = "1,2";
				TEST_TARGET_NAME = Vote;
			};
			name = Release;
		};
/* End XCBuildConfiguration section */

/* Begin XCConfigurationList section */
		279F66E21FBAE7FA008E66A3 /* Build configuration list for PBXProject "Vote" */ = {
			isa = XCConfigurationList;
			buildConfigurations = (
				279F67101FBAE7FA008E66A3 /* Debug */,
				279F67111FBAE7FA008E66A3 /* Release */,
			);
			defaultConfigurationIsVisible = 0;
			defaultConfigurationName = Release;
		};
		279F67121FBAE7FA008E66A3 /* Build configuration list for PBXNativeTarget "Vote" */ = {
			isa = XCConfigurationList;
			buildConfigurations = (
				279F67131FBAE7FA008E66A3 /* Debug */,
				279F67141FBAE7FA008E66A3 /* Release */,
			);
			defaultConfigurationIsVisible = 0;
			defaultConfigurationName = Release;
		};
		279F67151FBAE7FA008E66A3 /* Build configuration list for PBXNativeTarget "VoteTests" */ = {
			isa = XCConfigurationList;
			buildConfigurations = (
				279F67161FBAE7FA008E66A3 /* Debug */,
				279F67171FBAE7FA008E66A3 /* Release */,
			);
			defaultConfigurationIsVisible = 0;
			defaultConfigurationName = Release;
		};
		279F67181FBAE7FA008E66A3 /* Build configuration list for PBXNativeTarget "VoteUITests" */ = {
			isa = XCConfigurationList;
			buildConfigurations = (
				279F67191FBAE7FA008E66A3 /* Debug */,
				279F671A1FBAE7FA008E66A3 /* Release */,
			);
			defaultConfigurationIsVisible = 0;
			defaultConfigurationName = Release;
		};
/* End XCConfigurationList section */

/* Begin XCVersionGroup section */
		279F66F11FBAE7FA008E66A3 /* Vote.xcdatamodeld */ = {
			isa = XCVersionGroup;
			children = (
				279F66F21FBAE7FA008E66A3 /* Vote.xcdatamodel */,
			);
			currentVersion = 279F66F21FBAE7FA008E66A3 /* Vote.xcdatamodel */;
			path = Vote.xcdatamodeld;
			sourceTree = "<group>";
			versionGroupType = wrapper.xcdatamodel;
		};
/* End XCVersionGroup section */
	};
	rootObject = 279F66DF1FBAE7FA008E66A3 /* Project object */;
}
