// !$*UTF8*$!
{
	archiveVersion = 1;
	classes = {
	};
	objectVersion = 48;
	objects = {

/* Begin PBXBuildFile section */
		2736666F1FC3CCAF004D77B4 /* SelectedTypeController.swift in Sources */ = {isa = PBXBuildFile; fileRef = 2736666E1FC3CCAF004D77B4 /* SelectedTypeController.swift */; };
		27720E571FBC1EA200FAE613 /* PutMainTableController.swift in Sources */ = {isa = PBXBuildFile; fileRef = 27720E561FBC1EA200FAE613 /* PutMainTableController.swift */; };
		27720E591FBC1EB400FAE613 /* PutListTableController.swift in Sources */ = {isa = PBXBuildFile; fileRef = 27720E581FBC1EB400FAE613 /* PutListTableController.swift */; };
		279F66EB1FBAE7FA008E66A3 /* AppDelegate.swift in Sources */ = {isa = PBXBuildFile; fileRef = 279F66EA1FBAE7FA008E66A3 /* AppDelegate.swift */; };
		279F66ED1FBAE7FA008E66A3 /* ContentController.swift in Sources */ = {isa = PBXBuildFile; fileRef = 279F66EC1FBAE7FA008E66A3 /* ContentController.swift */; };
		279F66F01FBAE7FA008E66A3 /* Main.storyboard in Resources */ = {isa = PBXBuildFile; fileRef = 279F66EE1FBAE7FA008E66A3 /* Main.storyboard */; };
		279F66F31FBAE7FA008E66A3 /* Vote.xcdatamodeld in Sources */ = {isa = PBXBuildFile; fileRef = 279F66F11FBAE7FA008E66A3 /* Vote.xcdatamodeld */; };
		279F66F51FBAE7FA008E66A3 /* Assets.xcassets in Resources */ = {isa = PBXBuildFile; fileRef = 279F66F41FBAE7FA008E66A3 /* Assets.xcassets */; };
		279F66F81FBAE7FA008E66A3 /* LaunchScreen.storyboard in Resources */ = {isa = PBXBuildFile; fileRef = 279F66F61FBAE7FA008E66A3 /* LaunchScreen.storyboard */; };
		279F671C1FBAE80C008E66A3 /* PodFile in Resources */ = {isa = PBXBuildFile; fileRef = 279F671B1FBAE80C008E66A3 /* PodFile */; };
		279F671E1FBAE862008E66A3 /* VoteListsCell.swift in Sources */ = {isa = PBXBuildFile; fileRef = 279F671D1FBAE862008E66A3 /* VoteListsCell.swift */; };
		279F67241FBAEDFC008E66A3 /* VoteContentController.swift in Sources */ = {isa = PBXBuildFile; fileRef = 279F67231FBAEDFC008E66A3 /* VoteContentController.swift */; };
		27ADA3581FBE86330083ACCA /* MainViewController.swift in Sources */ = {isa = PBXBuildFile; fileRef = 27ADA3571FBE86330083ACCA /* MainViewController.swift */; };
		27ADA35C1FBE88110083ACCA /* NavigationTableView.swift in Sources */ = {isa = PBXBuildFile; fileRef = 27ADA35B1FBE88110083ACCA /* NavigationTableView.swift */; };
		27C77B8B1FC2AB0500F807EF /* PutFirstViewController.swift in Sources */ = {isa = PBXBuildFile; fileRef = 27C77B8A1FC2AB0500F807EF /* PutFirstViewController.swift */; };
		27C815D41FBD6335009C17DA /* PutListCell.swift in Sources */ = {isa = PBXBuildFile; fileRef = 27C815D31FBD6335009C17DA /* PutListCell.swift */; };
		4C2DF38A1FE22FD600190472 /* MultipleChoiceTableViewController.swift in Sources */ = {isa = PBXBuildFile; fileRef = 4C2DF3891FE22FD600190472 /* MultipleChoiceTableViewController.swift */; };
		4C31C99C1FDD575000179BDE /* AddBankCardTableViewController.swift in Sources */ = {isa = PBXBuildFile; fileRef = 4C31C99B1FDD575000179BDE /* AddBankCardTableViewController.swift */; };
		4C31C99E1FDDA53B00179BDE /* LoginTableViewController.swift in Sources */ = {isa = PBXBuildFile; fileRef = 4C31C99D1FDDA53B00179BDE /* LoginTableViewController.swift */; };
		4C34F7111FE1037E007F8F57 /* EditQuestionnaireNameViewController.swift in Sources */ = {isa = PBXBuildFile; fileRef = 4C34F7101FE1037E007F8F57 /* EditQuestionnaireNameViewController.swift */; };
		4C37CC751FCD6D3A0085FDAB /* UserInformationEditingTableViewController.swift in Sources */ = {isa = PBXBuildFile; fileRef = 4C37CC741FCD6D3A0085FDAB /* UserInformationEditingTableViewController.swift */; };
		4C37CC771FCD6FF50085FDAB /* EditUserPhotoTableViewController.swift in Sources */ = {isa = PBXBuildFile; fileRef = 4C37CC761FCD6FF50085FDAB /* EditUserPhotoTableViewController.swift */; };
		4C4C99381FDD1ED90097704E /* BankCardTableViewController.swift in Sources */ = {isa = PBXBuildFile; fileRef = 4C4C99371FDD1ED90097704E /* BankCardTableViewController.swift */; };
		4C4C993A1FDD22550097704E /* BankCardTableViewCell.swift in Sources */ = {isa = PBXBuildFile; fileRef = 4C4C99391FDD22550097704E /* BankCardTableViewCell.swift */; };
		4C5CA8E81FCEB1260033F3E4 /* EditUserInterestTableViewController.swift in Sources */ = {isa = PBXBuildFile; fileRef = 4C5CA8E71FCEB1260033F3E4 /* EditUserInterestTableViewController.swift */; };
		4C5CA8F01FCEB4B30033F3E4 /* EditUserInformationTwoTableViewController.swift in Sources */ = {isa = PBXBuildFile; fileRef = 4C5CA8EF1FCEB4B30033F3E4 /* EditUserInformationTwoTableViewController.swift */; };
		4C5CA8F21FCEB61D0033F3E4 /* EditUserInformationOneViewController.swift in Sources */ = {isa = PBXBuildFile; fileRef = 4C5CA8F11FCEB61D0033F3E4 /* EditUserInformationOneViewController.swift */; };
		4C767A251FD6869F0026387A /* UserInformationEditingThreeViewController.swift in Sources */ = {isa = PBXBuildFile; fileRef = 4C767A241FD6869F0026387A /* UserInformationEditingThreeViewController.swift */; };
		4C768D801FD808A800A53447 /* UserDefaultsName.swift in Sources */ = {isa = PBXBuildFile; fileRef = 4C768D7F1FD808A800A53447 /* UserDefaultsName.swift */; };
		4C768D821FD9253A00A53447 /* EditUserInformationTwoTableViewCell.swift in Sources */ = {isa = PBXBuildFile; fileRef = 4C768D811FD9253A00A53447 /* EditUserInformationTwoTableViewCell.swift */; };
		4CA04A4D1FE8E4D900ECEDE4 /* MyDraftTableViewCell.swift in Sources */ = {isa = PBXBuildFile; fileRef = 4CA04A4C1FE8E4D900ECEDE4 /* MyDraftTableViewCell.swift */; };
		4CA04A4F1FE8E4EE00ECEDE4 /* MyDraftTableViewController.swift in Sources */ = {isa = PBXBuildFile; fileRef = 4CA04A4E1FE8E4EE00ECEDE4 /* MyDraftTableViewController.swift */; };
		4CA04A511FE9FDD400ECEDE4 /* SetTableViewController.swift in Sources */ = {isa = PBXBuildFile; fileRef = 4CA04A501FE9FDD400ECEDE4 /* SetTableViewController.swift */; };
		4CA04A5F1FEA5BA100ECEDE4 /* SurveyTarget01TableViewController.swift in Sources */ = {isa = PBXBuildFile; fileRef = 4CA04A5E1FEA5BA100ECEDE4 /* SurveyTarget01TableViewController.swift */; };
		4CA04A611FEA5BB100ECEDE4 /* SurveyTarget01TableViewCell.swift in Sources */ = {isa = PBXBuildFile; fileRef = 4CA04A601FEA5BB100ECEDE4 /* SurveyTarget01TableViewCell.swift */; };
		4CA04A631FEA5BC700ECEDE4 /* SurveyTarget02TableViewController.swift in Sources */ = {isa = PBXBuildFile; fileRef = 4CA04A621FEA5BC700ECEDE4 /* SurveyTarget02TableViewController.swift */; };
		4CA04A651FEA5BD900ECEDE4 /* SurveyTarget02TableViewCell.swift in Sources */ = {isa = PBXBuildFile; fileRef = 4CA04A641FEA5BD900ECEDE4 /* SurveyTarget02TableViewCell.swift */; };
		4CA04A671FEA5C0800ECEDE4 /* SurveyTarget03TableViewController.swift in Sources */ = {isa = PBXBuildFile; fileRef = 4CA04A661FEA5C0800ECEDE4 /* SurveyTarget03TableViewController.swift */; };
		4CA04A691FEA5C1600ECEDE4 /* SurveyTarget03TableViewCell.swift in Sources */ = {isa = PBXBuildFile; fileRef = 4CA04A681FEA5C1600ECEDE4 /* SurveyTarget03TableViewCell.swift */; };
		4CC6D40C1FCCF8FF009B7F02 /* PersonalCenterTableViewController.swift in Sources */ = {isa = PBXBuildFile; fileRef = 4CC6D40B1FCCF8FF009B7F02 /* PersonalCenterTableViewController.swift */; };
		4CC6D40E1FCD0D78009B7F02 /* AccountTableViewController.swift in Sources */ = {isa = PBXBuildFile; fileRef = 4CC6D40D1FCD0D78009B7F02 /* AccountTableViewController.swift */; };
		4CC6D4101FCD1331009B7F02 /* WithdrawTableViewController.swift in Sources */ = {isa = PBXBuildFile; fileRef = 4CC6D40F1FCD1331009B7F02 /* WithdrawTableViewController.swift */; };
		4CC6D4121FCD3232009B7F02 /* RechargeTableViewController.swift in Sources */ = {isa = PBXBuildFile; fileRef = 4CC6D4111FCD3232009B7F02 /* RechargeTableViewController.swift */; };
		4CC6D4141FCD3F31009B7F02 /* QuestionnaireTableViewController.swift in Sources */ = {isa = PBXBuildFile; fileRef = 4CC6D4131FCD3F31009B7F02 /* QuestionnaireTableViewController.swift */; };
		4CC6D4161FCD431A009B7F02 /* QuestionnaireTableViewCell.swift in Sources */ = {isa = PBXBuildFile; fileRef = 4CC6D4151FCD431A009B7F02 /* QuestionnaireTableViewCell.swift */; };
		4CC6D4181FCD5554009B7F02 /* QuestionnaireDetailsTableViewController.swift in Sources */ = {isa = PBXBuildFile; fileRef = 4CC6D4171FCD5554009B7F02 /* QuestionnaireDetailsTableViewController.swift */; };
		663A3A812015CECD0094EB75 /* XYDVoteContentModel.swift in Sources */ = {isa = PBXBuildFile; fileRef = 663A3A802015CECD0094EB75 /* XYDVoteContentModel.swift */; };
		80767D65B7A2D697186D98F4 /* Pods_Vote.framework in Frameworks */ = {isa = PBXBuildFile; fileRef = C6014F02B74E8EEC95EAC650 /* Pods_Vote.framework */; };
		93036890202968C000C8FB55 /* User.swift in Sources */ = {isa = PBXBuildFile; fileRef = 9303688F202968C000C8FB55 /* User.swift */; };
		9303689320296AFF00C8FB55 /* UserService.swift in Sources */ = {isa = PBXBuildFile; fileRef = 9303689220296AFF00C8FB55 /* UserService.swift */; };
		9303689520296B3B00C8FB55 /* BaseService.swift in Sources */ = {isa = PBXBuildFile; fileRef = 9303689420296B3B00C8FB55 /* BaseService.swift */; };
		9303689720296E2100C8FB55 /* NetworkService.swift in Sources */ = {isa = PBXBuildFile; fileRef = 9303689620296E2100C8FB55 /* NetworkService.swift */; };
		9303689A2029D86600C8FB55 /* VTAlert.swift in Sources */ = {isa = PBXBuildFile; fileRef = 930368992029D86600C8FB55 /* VTAlert.swift */; };
		93586BC620275C0E007F84B1 /* APIDefine.swift in Sources */ = {isa = PBXBuildFile; fileRef = 93586BC420275C0E007F84B1 /* APIDefine.swift */; };
		93586BC720275C0E007F84B1 /* Config.swift in Sources */ = {isa = PBXBuildFile; fileRef = 93586BC520275C0E007F84B1 /* Config.swift */; };
		93586BCB20275C4E007F84B1 /* VHelper.swift in Sources */ = {isa = PBXBuildFile; fileRef = 93586BC920275C4E007F84B1 /* VHelper.swift */; };
		93586BCC20275C4E007F84B1 /* VLoger.swift in Sources */ = {isa = PBXBuildFile; fileRef = 93586BCA20275C4E007F84B1 /* VLoger.swift */; };
		93586BF020276079007F84B1 /* FileManager+VT.swift in Sources */ = {isa = PBXBuildFile; fileRef = 93586BEE20276079007F84B1 /* FileManager+VT.swift */; };
		93586BF120276079007F84B1 /* Error+VT.swift in Sources */ = {isa = PBXBuildFile; fileRef = 93586BEF20276079007F84B1 /* Error+VT.swift */; };
		93586BF420276560007F84B1 /* VUserDefaults.swift in Sources */ = {isa = PBXBuildFile; fileRef = 93586BF320276560007F84B1 /* VUserDefaults.swift */; };
		93586BF920276E42007F84B1 /* MenuButtonView.swift in Sources */ = {isa = PBXBuildFile; fileRef = 93586BF820276E42007F84B1 /* MenuButtonView.swift */; };
		93586BFB20276E96007F84B1 /* UIColor+VT.swift in Sources */ = {isa = PBXBuildFile; fileRef = 93586BFA20276E96007F84B1 /* UIColor+VT.swift */; };
		93586BFD20277025007F84B1 /* String+VT.swift in Sources */ = {isa = PBXBuildFile; fileRef = 93586BFC20277025007F84B1 /* String+VT.swift */; };
		93586C042027717C007F84B1 /* BaseViewController.swift in Sources */ = {isa = PBXBuildFile; fileRef = 93586C032027717C007F84B1 /* BaseViewController.swift */; };
		93586C062027743F007F84B1 /* UIScrollView+VT.swift in Sources */ = {isa = PBXBuildFile; fileRef = 93586C052027743F007F84B1 /* UIScrollView+VT.swift */; };
		9362F244202A7D9300E3F255 /* UIImageView+VT.swift in Sources */ = {isa = PBXBuildFile; fileRef = 9362F243202A7D9300E3F255 /* UIImageView+VT.swift */; };
/* End PBXBuildFile section */

/* Begin PBXFileReference section */
		237D3BAF53D0A47A4B7A1AFB /* Pods-Vote.debug.xcconfig */ = {isa = PBXFileReference; includeInIndex = 1; lastKnownFileType = text.xcconfig; name = "Pods-Vote.debug.xcconfig"; path = "Pods/Target Support Files/Pods-Vote/Pods-Vote.debug.xcconfig"; sourceTree = "<group>"; };
		2736666E1FC3CCAF004D77B4 /* SelectedTypeController.swift */ = {isa = PBXFileReference; lastKnownFileType = sourcecode.swift; path = SelectedTypeController.swift; sourceTree = "<group>"; };
		27720E561FBC1EA200FAE613 /* PutMainTableController.swift */ = {isa = PBXFileReference; lastKnownFileType = sourcecode.swift; path = PutMainTableController.swift; sourceTree = "<group>"; };
		27720E581FBC1EB400FAE613 /* PutListTableController.swift */ = {isa = PBXFileReference; lastKnownFileType = sourcecode.swift; path = PutListTableController.swift; sourceTree = "<group>"; };
		279F66E71FBAE7FA008E66A3 /* Vote.app */ = {isa = PBXFileReference; explicitFileType = wrapper.application; includeInIndex = 0; path = Vote.app; sourceTree = BUILT_PRODUCTS_DIR; };
		279F66EA1FBAE7FA008E66A3 /* AppDelegate.swift */ = {isa = PBXFileReference; lastKnownFileType = sourcecode.swift; path = AppDelegate.swift; sourceTree = "<group>"; };
		279F66EC1FBAE7FA008E66A3 /* ContentController.swift */ = {isa = PBXFileReference; lastKnownFileType = sourcecode.swift; path = ContentController.swift; sourceTree = "<group>"; };
		279F66EF1FBAE7FA008E66A3 /* Base */ = {isa = PBXFileReference; lastKnownFileType = file.storyboard; name = Base; path = Base.lproj/Main.storyboard; sourceTree = "<group>"; };
		279F66F21FBAE7FA008E66A3 /* Vote.xcdatamodel */ = {isa = PBXFileReference; lastKnownFileType = wrapper.xcdatamodel; path = Vote.xcdatamodel; sourceTree = "<group>"; };
		279F66F41FBAE7FA008E66A3 /* Assets.xcassets */ = {isa = PBXFileReference; lastKnownFileType = folder.assetcatalog; path = Assets.xcassets; sourceTree = "<group>"; };
		279F66F71FBAE7FA008E66A3 /* Base */ = {isa = PBXFileReference; lastKnownFileType = file.storyboard; name = Base; path = Base.lproj/LaunchScreen.storyboard; sourceTree = "<group>"; };
		279F66F91FBAE7FA008E66A3 /* Info.plist */ = {isa = PBXFileReference; lastKnownFileType = text.plist.xml; path = Info.plist; sourceTree = "<group>"; };
		279F671B1FBAE80C008E66A3 /* PodFile */ = {isa = PBXFileReference; lastKnownFileType = text; path = PodFile; sourceTree = "<group>"; };
		279F671D1FBAE862008E66A3 /* VoteListsCell.swift */ = {isa = PBXFileReference; lastKnownFileType = sourcecode.swift; path = VoteListsCell.swift; sourceTree = "<group>"; };
		279F67231FBAEDFC008E66A3 /* VoteContentController.swift */ = {isa = PBXFileReference; lastKnownFileType = sourcecode.swift; path = VoteContentController.swift; sourceTree = "<group>"; };
		27ADA3571FBE86330083ACCA /* MainViewController.swift */ = {isa = PBXFileReference; lastKnownFileType = sourcecode.swift; path = MainViewController.swift; sourceTree = "<group>"; };
		27ADA35B1FBE88110083ACCA /* NavigationTableView.swift */ = {isa = PBXFileReference; lastKnownFileType = sourcecode.swift; path = NavigationTableView.swift; sourceTree = "<group>"; };
		27C77B8A1FC2AB0500F807EF /* PutFirstViewController.swift */ = {isa = PBXFileReference; lastKnownFileType = sourcecode.swift; path = PutFirstViewController.swift; sourceTree = "<group>"; };
		27C815D31FBD6335009C17DA /* PutListCell.swift */ = {isa = PBXFileReference; lastKnownFileType = sourcecode.swift; path = PutListCell.swift; sourceTree = "<group>"; };
		4C2DF3891FE22FD600190472 /* MultipleChoiceTableViewController.swift */ = {isa = PBXFileReference; lastKnownFileType = sourcecode.swift; path = MultipleChoiceTableViewController.swift; sourceTree = "<group>"; };
		4C31C99B1FDD575000179BDE /* AddBankCardTableViewController.swift */ = {isa = PBXFileReference; lastKnownFileType = sourcecode.swift; path = AddBankCardTableViewController.swift; sourceTree = "<group>"; };
		4C31C99D1FDDA53B00179BDE /* LoginTableViewController.swift */ = {isa = PBXFileReference; lastKnownFileType = sourcecode.swift; path = LoginTableViewController.swift; sourceTree = "<group>"; };
		4C34F7101FE1037E007F8F57 /* EditQuestionnaireNameViewController.swift */ = {isa = PBXFileReference; lastKnownFileType = sourcecode.swift; path = EditQuestionnaireNameViewController.swift; sourceTree = "<group>"; };
		4C37CC741FCD6D3A0085FDAB /* UserInformationEditingTableViewController.swift */ = {isa = PBXFileReference; lastKnownFileType = sourcecode.swift; path = UserInformationEditingTableViewController.swift; sourceTree = "<group>"; };
		4C37CC761FCD6FF50085FDAB /* EditUserPhotoTableViewController.swift */ = {isa = PBXFileReference; lastKnownFileType = sourcecode.swift; path = EditUserPhotoTableViewController.swift; sourceTree = "<group>"; };
		4C4C99371FDD1ED90097704E /* BankCardTableViewController.swift */ = {isa = PBXFileReference; lastKnownFileType = sourcecode.swift; path = BankCardTableViewController.swift; sourceTree = "<group>"; };
		4C4C99391FDD22550097704E /* BankCardTableViewCell.swift */ = {isa = PBXFileReference; lastKnownFileType = sourcecode.swift; path = BankCardTableViewCell.swift; sourceTree = "<group>"; };
		4C5CA8E71FCEB1260033F3E4 /* EditUserInterestTableViewController.swift */ = {isa = PBXFileReference; lastKnownFileType = sourcecode.swift; path = EditUserInterestTableViewController.swift; sourceTree = "<group>"; };
		4C5CA8EF1FCEB4B30033F3E4 /* EditUserInformationTwoTableViewController.swift */ = {isa = PBXFileReference; lastKnownFileType = sourcecode.swift; path = EditUserInformationTwoTableViewController.swift; sourceTree = "<group>"; };
		4C5CA8F11FCEB61D0033F3E4 /* EditUserInformationOneViewController.swift */ = {isa = PBXFileReference; lastKnownFileType = sourcecode.swift; path = EditUserInformationOneViewController.swift; sourceTree = "<group>"; };
		4C767A241FD6869F0026387A /* UserInformationEditingThreeViewController.swift */ = {isa = PBXFileReference; lastKnownFileType = sourcecode.swift; path = UserInformationEditingThreeViewController.swift; sourceTree = "<group>"; };
		4C768D7F1FD808A800A53447 /* UserDefaultsName.swift */ = {isa = PBXFileReference; lastKnownFileType = sourcecode.swift; path = UserDefaultsName.swift; sourceTree = "<group>"; };
		4C768D811FD9253A00A53447 /* EditUserInformationTwoTableViewCell.swift */ = {isa = PBXFileReference; lastKnownFileType = sourcecode.swift; path = EditUserInformationTwoTableViewCell.swift; sourceTree = "<group>"; };
		4CA04A4C1FE8E4D900ECEDE4 /* MyDraftTableViewCell.swift */ = {isa = PBXFileReference; lastKnownFileType = sourcecode.swift; path = MyDraftTableViewCell.swift; sourceTree = "<group>"; };
		4CA04A4E1FE8E4EE00ECEDE4 /* MyDraftTableViewController.swift */ = {isa = PBXFileReference; lastKnownFileType = sourcecode.swift; path = MyDraftTableViewController.swift; sourceTree = "<group>"; };
		4CA04A501FE9FDD400ECEDE4 /* SetTableViewController.swift */ = {isa = PBXFileReference; lastKnownFileType = sourcecode.swift; path = SetTableViewController.swift; sourceTree = "<group>"; };
		4CA04A5E1FEA5BA100ECEDE4 /* SurveyTarget01TableViewController.swift */ = {isa = PBXFileReference; lastKnownFileType = sourcecode.swift; path = SurveyTarget01TableViewController.swift; sourceTree = "<group>"; };
		4CA04A601FEA5BB100ECEDE4 /* SurveyTarget01TableViewCell.swift */ = {isa = PBXFileReference; lastKnownFileType = sourcecode.swift; path = SurveyTarget01TableViewCell.swift; sourceTree = "<group>"; };
		4CA04A621FEA5BC700ECEDE4 /* SurveyTarget02TableViewController.swift */ = {isa = PBXFileReference; lastKnownFileType = sourcecode.swift; path = SurveyTarget02TableViewController.swift; sourceTree = "<group>"; };
		4CA04A641FEA5BD900ECEDE4 /* SurveyTarget02TableViewCell.swift */ = {isa = PBXFileReference; lastKnownFileType = sourcecode.swift; path = SurveyTarget02TableViewCell.swift; sourceTree = "<group>"; };
		4CA04A661FEA5C0800ECEDE4 /* SurveyTarget03TableViewController.swift */ = {isa = PBXFileReference; lastKnownFileType = sourcecode.swift; path = SurveyTarget03TableViewController.swift; sourceTree = "<group>"; };
		4CA04A681FEA5C1600ECEDE4 /* SurveyTarget03TableViewCell.swift */ = {isa = PBXFileReference; lastKnownFileType = sourcecode.swift; path = SurveyTarget03TableViewCell.swift; sourceTree = "<group>"; };
		4CC6D40B1FCCF8FF009B7F02 /* PersonalCenterTableViewController.swift */ = {isa = PBXFileReference; lastKnownFileType = sourcecode.swift; path = PersonalCenterTableViewController.swift; sourceTree = "<group>"; };
		4CC6D40D1FCD0D78009B7F02 /* AccountTableViewController.swift */ = {isa = PBXFileReference; lastKnownFileType = sourcecode.swift; path = AccountTableViewController.swift; sourceTree = "<group>"; };
		4CC6D40F1FCD1331009B7F02 /* WithdrawTableViewController.swift */ = {isa = PBXFileReference; lastKnownFileType = sourcecode.swift; path = WithdrawTableViewController.swift; sourceTree = "<group>"; };
		4CC6D4111FCD3232009B7F02 /* RechargeTableViewController.swift */ = {isa = PBXFileReference; lastKnownFileType = sourcecode.swift; path = RechargeTableViewController.swift; sourceTree = "<group>"; };
		4CC6D4131FCD3F31009B7F02 /* QuestionnaireTableViewController.swift */ = {isa = PBXFileReference; lastKnownFileType = sourcecode.swift; path = QuestionnaireTableViewController.swift; sourceTree = "<group>"; };
		4CC6D4151FCD431A009B7F02 /* QuestionnaireTableViewCell.swift */ = {isa = PBXFileReference; lastKnownFileType = sourcecode.swift; path = QuestionnaireTableViewCell.swift; sourceTree = "<group>"; };
		4CC6D4171FCD5554009B7F02 /* QuestionnaireDetailsTableViewController.swift */ = {isa = PBXFileReference; lastKnownFileType = sourcecode.swift; path = QuestionnaireDetailsTableViewController.swift; sourceTree = "<group>"; };
		663A3A802015CECD0094EB75 /* XYDVoteContentModel.swift */ = {isa = PBXFileReference; lastKnownFileType = sourcecode.swift; path = XYDVoteContentModel.swift; sourceTree = "<group>"; };
		6ECD1ACA2433541820D9C1F5 /* Pods-Vote.release.xcconfig */ = {isa = PBXFileReference; includeInIndex = 1; lastKnownFileType = text.xcconfig; name = "Pods-Vote.release.xcconfig"; path = "Pods/Target Support Files/Pods-Vote/Pods-Vote.release.xcconfig"; sourceTree = "<group>"; };
		9303688F202968C000C8FB55 /* User.swift */ = {isa = PBXFileReference; lastKnownFileType = sourcecode.swift; path = User.swift; sourceTree = "<group>"; };
		9303689220296AFF00C8FB55 /* UserService.swift */ = {isa = PBXFileReference; lastKnownFileType = sourcecode.swift; path = UserService.swift; sourceTree = "<group>"; };
		9303689420296B3B00C8FB55 /* BaseService.swift */ = {isa = PBXFileReference; lastKnownFileType = sourcecode.swift; path = BaseService.swift; sourceTree = "<group>"; };
		9303689620296E2100C8FB55 /* NetworkService.swift */ = {isa = PBXFileReference; fileEncoding = 4; lastKnownFileType = sourcecode.swift; path = NetworkService.swift; sourceTree = "<group>"; };
		930368992029D86600C8FB55 /* VTAlert.swift */ = {isa = PBXFileReference; lastKnownFileType = sourcecode.swift; path = VTAlert.swift; sourceTree = "<group>"; };
		93586BC420275C0E007F84B1 /* APIDefine.swift */ = {isa = PBXFileReference; fileEncoding = 4; lastKnownFileType = sourcecode.swift; path = APIDefine.swift; sourceTree = "<group>"; };
		93586BC520275C0E007F84B1 /* Config.swift */ = {isa = PBXFileReference; fileEncoding = 4; lastKnownFileType = sourcecode.swift; path = Config.swift; sourceTree = "<group>"; };
		93586BC920275C4E007F84B1 /* VHelper.swift */ = {isa = PBXFileReference; fileEncoding = 4; lastKnownFileType = sourcecode.swift; path = VHelper.swift; sourceTree = "<group>"; };
		93586BCA20275C4E007F84B1 /* VLoger.swift */ = {isa = PBXFileReference; fileEncoding = 4; lastKnownFileType = sourcecode.swift; path = VLoger.swift; sourceTree = "<group>"; };
		93586BEE20276079007F84B1 /* FileManager+VT.swift */ = {isa = PBXFileReference; fileEncoding = 4; lastKnownFileType = sourcecode.swift; path = "FileManager+VT.swift"; sourceTree = "<group>"; };
		93586BEF20276079007F84B1 /* Error+VT.swift */ = {isa = PBXFileReference; fileEncoding = 4; lastKnownFileType = sourcecode.swift; path = "Error+VT.swift"; sourceTree = "<group>"; };
		93586BF320276560007F84B1 /* VUserDefaults.swift */ = {isa = PBXFileReference; fileEncoding = 4; lastKnownFileType = sourcecode.swift; path = VUserDefaults.swift; sourceTree = "<group>"; };
		93586BF820276E42007F84B1 /* MenuButtonView.swift */ = {isa = PBXFileReference; lastKnownFileType = sourcecode.swift; path = MenuButtonView.swift; sourceTree = "<group>"; };
		93586BFA20276E96007F84B1 /* UIColor+VT.swift */ = {isa = PBXFileReference; lastKnownFileType = sourcecode.swift; path = "UIColor+VT.swift"; sourceTree = "<group>"; };
		93586BFC20277025007F84B1 /* String+VT.swift */ = {isa = PBXFileReference; lastKnownFileType = sourcecode.swift; path = "String+VT.swift"; sourceTree = "<group>"; };
		93586C032027717C007F84B1 /* BaseViewController.swift */ = {isa = PBXFileReference; lastKnownFileType = sourcecode.swift; path = BaseViewController.swift; sourceTree = "<group>"; };
		93586C052027743F007F84B1 /* UIScrollView+VT.swift */ = {isa = PBXFileReference; lastKnownFileType = sourcecode.swift; path = "UIScrollView+VT.swift"; sourceTree = "<group>"; };
		9362F243202A7D9300E3F255 /* UIImageView+VT.swift */ = {isa = PBXFileReference; lastKnownFileType = sourcecode.swift; path = "UIImageView+VT.swift"; sourceTree = "<group>"; };
		C6014F02B74E8EEC95EAC650 /* Pods_Vote.framework */ = {isa = PBXFileReference; explicitFileType = wrapper.framework; includeInIndex = 0; path = Pods_Vote.framework; sourceTree = BUILT_PRODUCTS_DIR; };
/* End PBXFileReference section */

/* Begin PBXFrameworksBuildPhase section */
		279F66E41FBAE7FA008E66A3 /* Frameworks */ = {
			isa = PBXFrameworksBuildPhase;
			buildActionMask = 2147483647;
			files = (
				80767D65B7A2D697186D98F4 /* Pods_Vote.framework in Frameworks */,
			);
			runOnlyForDeploymentPostprocessing = 0;
		};
/* End PBXFrameworksBuildPhase section */

/* Begin PBXGroup section */
		279F66DE1FBAE7FA008E66A3 = {
			isa = PBXGroup;
			children = (
				279F671B1FBAE80C008E66A3 /* PodFile */,
				279F66E91FBAE7FA008E66A3 /* Vote */,
				279F66E81FBAE7FA008E66A3 /* Products */,
				EC471E354DA518BE2A2F8CCD /* Pods */,
				31E0971530E3C5655D82BB74 /* Frameworks */,
			);
			sourceTree = "<group>";
		};
		279F66E81FBAE7FA008E66A3 /* Products */ = {
			isa = PBXGroup;
			children = (
				279F66E71FBAE7FA008E66A3 /* Vote.app */,
			);
			name = Products;
			sourceTree = "<group>";
		};
		279F66E91FBAE7FA008E66A3 /* Vote */ = {
			isa = PBXGroup;
			children = (
				93586BC320275BF3007F84B1 /* Config */,
				93586BF220276088007F84B1 /* Caches */,
				93586BED20276061007F84B1 /* Extensions */,
				93586BC820275C1D007F84B1 /* Helpers */,
				93586BCF20275C8E007F84B1 /* Entity */,
				93586BF520276746007F84B1 /* Views */,
				9303689120296AE500C8FB55 /* Service */,
				93586BE320275EA2007F84B1 /* ViewControllers */,
				93586BEC2027602C007F84B1 /* Resources */,
				279F66EA1FBAE7FA008E66A3 /* AppDelegate.swift */,
				279F66EE1FBAE7FA008E66A3 /* Main.storyboard */,
				279F66F61FBAE7FA008E66A3 /* LaunchScreen.storyboard */,
				279F66F91FBAE7FA008E66A3 /* Info.plist */,
			);
			path = Vote;
			sourceTree = "<group>";
		};
		31E0971530E3C5655D82BB74 /* Frameworks */ = {
			isa = PBXGroup;
			children = (
				C6014F02B74E8EEC95EAC650 /* Pods_Vote.framework */,
			);
			name = Frameworks;
			sourceTree = "<group>";
		};
		9303689120296AE500C8FB55 /* Service */ = {
			isa = PBXGroup;
			children = (
				9303689420296B3B00C8FB55 /* BaseService.swift */,
				9303689220296AFF00C8FB55 /* UserService.swift */,
				9303689620296E2100C8FB55 /* NetworkService.swift */,
			);
			path = Service;
			sourceTree = "<group>";
		};
		930368982029D83800C8FB55 /* AlertView */ = {
			isa = PBXGroup;
			children = (
				930368992029D86600C8FB55 /* VTAlert.swift */,
			);
			path = AlertView;
			sourceTree = "<group>";
		};
		93586BC320275BF3007F84B1 /* Config */ = {
			isa = PBXGroup;
			children = (
				93586BC420275C0E007F84B1 /* APIDefine.swift */,
				93586BC520275C0E007F84B1 /* Config.swift */,
			);
			path = Config;
			sourceTree = "<group>";
		};
		93586BC820275C1D007F84B1 /* Helpers */ = {
			isa = PBXGroup;
			children = (
				93586BC920275C4E007F84B1 /* VHelper.swift */,
				93586BCA20275C4E007F84B1 /* VLoger.swift */,
			);
			path = Helpers;
			sourceTree = "<group>";
		};
		93586BCF20275C8E007F84B1 /* Entity */ = {
			isa = PBXGroup;
			children = (
				663A3A802015CECD0094EB75 /* XYDVoteContentModel.swift */,
				9303688F202968C000C8FB55 /* User.swift */,
			);
			path = Entity;
			sourceTree = "<group>";
		};
		93586BE320275EA2007F84B1 /* ViewControllers */ = {
			isa = PBXGroup;
			children = (
				93586C0220277164007F84B1 /* Base */,
				93586BEB20276011007F84B1 /* Vote */,
				93586BEA20275FD9007F84B1 /* Login */,
				93586BE920275F88007F84B1 /* Home */,
				93586BE820275F7A007F84B1 /* Put */,
				93586BE720275F67007F84B1 /* Profile */,
				9362F245202A863F00E3F255 /* EditUserInfo */,
			);
			path = ViewControllers;
			sourceTree = "<group>";
		};
		93586BE720275F67007F84B1 /* Profile */ = {
			isa = PBXGroup;
			children = (
				4CC6D40B1FCCF8FF009B7F02 /* PersonalCenterTableViewController.swift */,
				4C37CC741FCD6D3A0085FDAB /* UserInformationEditingTableViewController.swift */,
				4CC6D40F1FCD1331009B7F02 /* WithdrawTableViewController.swift */,
				4CC6D4111FCD3232009B7F02 /* RechargeTableViewController.swift */,
				4CC6D4171FCD5554009B7F02 /* QuestionnaireDetailsTableViewController.swift */,
				4CA04A501FE9FDD400ECEDE4 /* SetTableViewController.swift */,
				4CC6D4131FCD3F31009B7F02 /* QuestionnaireTableViewController.swift */,
				4C4C99371FDD1ED90097704E /* BankCardTableViewController.swift */,
				4CC6D40D1FCD0D78009B7F02 /* AccountTableViewController.swift */,
				4C31C99B1FDD575000179BDE /* AddBankCardTableViewController.swift */,
				4CA04A4E1FE8E4EE00ECEDE4 /* MyDraftTableViewController.swift */,
			);
			path = Profile;
			sourceTree = "<group>";
		};
		93586BE820275F7A007F84B1 /* Put */ = {
			isa = PBXGroup;
			children = (
				27720E561FBC1EA200FAE613 /* PutMainTableController.swift */,
				27720E581FBC1EB400FAE613 /* PutListTableController.swift */,
				4C34F7101FE1037E007F8F57 /* EditQuestionnaireNameViewController.swift */,
				4C2DF3891FE22FD600190472 /* MultipleChoiceTableViewController.swift */,
				27C77B8A1FC2AB0500F807EF /* PutFirstViewController.swift */,
				2736666E1FC3CCAF004D77B4 /* SelectedTypeController.swift */,
				4CA04A5E1FEA5BA100ECEDE4 /* SurveyTarget01TableViewController.swift */,
				4CA04A621FEA5BC700ECEDE4 /* SurveyTarget02TableViewController.swift */,
				4CA04A661FEA5C0800ECEDE4 /* SurveyTarget03TableViewController.swift */,
			);
			path = Put;
			sourceTree = "<group>";
		};
		93586BE920275F88007F84B1 /* Home */ = {
			isa = PBXGroup;
			children = (
				27ADA35B1FBE88110083ACCA /* NavigationTableView.swift */,
				27ADA3571FBE86330083ACCA /* MainViewController.swift */,
			);
			path = Home;
			sourceTree = "<group>";
		};
		93586BEA20275FD9007F84B1 /* Login */ = {
			isa = PBXGroup;
			children = (
				4C31C99D1FDDA53B00179BDE /* LoginTableViewController.swift */,
			);
			path = Login;
			sourceTree = "<group>";
		};
		93586BEB20276011007F84B1 /* Vote */ = {
			isa = PBXGroup;
			children = (
				279F66EC1FBAE7FA008E66A3 /* ContentController.swift */,
				279F67231FBAEDFC008E66A3 /* VoteContentController.swift */,
			);
			path = Vote;
			sourceTree = "<group>";
		};
		93586BEC2027602C007F84B1 /* Resources */ = {
			isa = PBXGroup;
			children = (
				279F66F11FBAE7FA008E66A3 /* Vote.xcdatamodeld */,
				279F66F41FBAE7FA008E66A3 /* Assets.xcassets */,
			);
			path = Resources;
			sourceTree = "<group>";
		};
		93586BED20276061007F84B1 /* Extensions */ = {
			isa = PBXGroup;
			children = (
				93586BEF20276079007F84B1 /* Error+VT.swift */,
				93586BEE20276079007F84B1 /* FileManager+VT.swift */,
				93586BFA20276E96007F84B1 /* UIColor+VT.swift */,
				93586BFC20277025007F84B1 /* String+VT.swift */,
				93586C052027743F007F84B1 /* UIScrollView+VT.swift */,
				9362F243202A7D9300E3F255 /* UIImageView+VT.swift */,
			);
			path = Extensions;
			sourceTree = "<group>";
		};
		93586BF220276088007F84B1 /* Caches */ = {
			isa = PBXGroup;
			children = (
				93586BF320276560007F84B1 /* VUserDefaults.swift */,
				4C768D7F1FD808A800A53447 /* UserDefaultsName.swift */,
			);
			path = Caches;
			sourceTree = "<group>";
		};
		93586BF520276746007F84B1 /* Views */ = {
			isa = PBXGroup;
			children = (
				930368982029D83800C8FB55 /* AlertView */,
				93586BF720276E30007F84B1 /* Home */,
				93586BF62027675F007F84B1 /* Cell */,
			);
			path = Views;
			sourceTree = "<group>";
		};
		93586BF62027675F007F84B1 /* Cell */ = {
			isa = PBXGroup;
			children = (
				27C815D31FBD6335009C17DA /* PutListCell.swift */,
				4C4C99391FDD22550097704E /* BankCardTableViewCell.swift */,
				4CC6D4151FCD431A009B7F02 /* QuestionnaireTableViewCell.swift */,
				4CA04A4C1FE8E4D900ECEDE4 /* MyDraftTableViewCell.swift */,
				4CA04A601FEA5BB100ECEDE4 /* SurveyTarget01TableViewCell.swift */,
				4CA04A641FEA5BD900ECEDE4 /* SurveyTarget02TableViewCell.swift */,
				4CA04A681FEA5C1600ECEDE4 /* SurveyTarget03TableViewCell.swift */,
				279F671D1FBAE862008E66A3 /* VoteListsCell.swift */,
			);
			path = Cell;
			sourceTree = "<group>";
		};
		93586BF720276E30007F84B1 /* Home */ = {
			isa = PBXGroup;
			children = (
				93586BF820276E42007F84B1 /* MenuButtonView.swift */,
			);
			path = Home;
			sourceTree = "<group>";
		};
		93586C0220277164007F84B1 /* Base */ = {
			isa = PBXGroup;
			children = (
				93586C032027717C007F84B1 /* BaseViewController.swift */,
			);
			path = Base;
			sourceTree = "<group>";
		};
		9362F245202A863F00E3F255 /* EditUserInfo */ = {
			isa = PBXGroup;
			children = (
				4C5CA8F11FCEB61D0033F3E4 /* EditUserInformationOneViewController.swift */,
				4C768D811FD9253A00A53447 /* EditUserInformationTwoTableViewCell.swift */,
				4C767A241FD6869F0026387A /* UserInformationEditingThreeViewController.swift */,
				4C5CA8E71FCEB1260033F3E4 /* EditUserInterestTableViewController.swift */,
				4C37CC761FCD6FF50085FDAB /* EditUserPhotoTableViewController.swift */,
				4C5CA8EF1FCEB4B30033F3E4 /* EditUserInformationTwoTableViewController.swift */,
			);
			path = EditUserInfo;
			sourceTree = "<group>";
		};
		EC471E354DA518BE2A2F8CCD /* Pods */ = {
			isa = PBXGroup;
			children = (
				237D3BAF53D0A47A4B7A1AFB /* Pods-Vote.debug.xcconfig */,
				6ECD1ACA2433541820D9C1F5 /* Pods-Vote.release.xcconfig */,
			);
			name = Pods;
			sourceTree = "<group>";
		};
/* End PBXGroup section */

/* Begin PBXNativeTarget section */
		279F66E61FBAE7FA008E66A3 /* Vote */ = {
			isa = PBXNativeTarget;
			buildConfigurationList = 279F67121FBAE7FA008E66A3 /* Build configuration list for PBXNativeTarget "Vote" */;
			buildPhases = (
				E7E547C10EA434BEACD6AF8A /* [CP] Check Pods Manifest.lock */,
				279F66E31FBAE7FA008E66A3 /* Sources */,
				279F66E41FBAE7FA008E66A3 /* Frameworks */,
				279F66E51FBAE7FA008E66A3 /* Resources */,
				F1E6AD960D2596BB9E9B94C8 /* [CP] Embed Pods Frameworks */,
				2FBA1985659688DCB0581877 /* [CP] Copy Pods Resources */,
			);
			buildRules = (
			);
			dependencies = (
			);
			name = Vote;
			productName = Vote;
			productReference = 279F66E71FBAE7FA008E66A3 /* Vote.app */;
			productType = "com.apple.product-type.application";
		};
/* End PBXNativeTarget section */

/* Begin PBXProject section */
		279F66DF1FBAE7FA008E66A3 /* Project object */ = {
			isa = PBXProject;
			attributes = {
				LastSwiftUpdateCheck = 0910;
				LastUpgradeCheck = 0910;
				ORGANIZATIONNAME = "林以达";
				TargetAttributes = {
					279F66E61FBAE7FA008E66A3 = {
						CreatedOnToolsVersion = 9.1;
						ProvisioningStyle = Automatic;
					};
				};
			};
			buildConfigurationList = 279F66E21FBAE7FA008E66A3 /* Build configuration list for PBXProject "Vote" */;
			compatibilityVersion = "Xcode 8.0";
			developmentRegion = en;
			hasScannedForEncodings = 0;
			knownRegions = (
				en,
				Base,
			);
			mainGroup = 279F66DE1FBAE7FA008E66A3;
			productRefGroup = 279F66E81FBAE7FA008E66A3 /* Products */;
			projectDirPath = "";
			projectRoot = "";
			targets = (
				279F66E61FBAE7FA008E66A3 /* Vote */,
			);
		};
/* End PBXProject section */

/* Begin PBXResourcesBuildPhase section */
		279F66E51FBAE7FA008E66A3 /* Resources */ = {
			isa = PBXResourcesBuildPhase;
			buildActionMask = 2147483647;
			files = (
				279F671C1FBAE80C008E66A3 /* PodFile in Resources */,
				279F66F81FBAE7FA008E66A3 /* LaunchScreen.storyboard in Resources */,
				279F66F51FBAE7FA008E66A3 /* Assets.xcassets in Resources */,
				279F66F01FBAE7FA008E66A3 /* Main.storyboard in Resources */,
			);
			runOnlyForDeploymentPostprocessing = 0;
		};
/* End PBXResourcesBuildPhase section */

/* Begin PBXShellScriptBuildPhase section */
		2FBA1985659688DCB0581877 /* [CP] Copy Pods Resources */ = {
			isa = PBXShellScriptBuildPhase;
			buildActionMask = 2147483647;
			files = (
			);
			inputPaths = (
			);
			name = "[CP] Copy Pods Resources";
			outputPaths = (
			);
			runOnlyForDeploymentPostprocessing = 0;
			shellPath = /bin/sh;
			shellScript = "\"${SRCROOT}/Pods/Target Support Files/Pods-Vote/Pods-Vote-resources.sh\"\n";
			showEnvVarsInLog = 0;
		};
		E7E547C10EA434BEACD6AF8A /* [CP] Check Pods Manifest.lock */ = {
			isa = PBXShellScriptBuildPhase;
			buildActionMask = 2147483647;
			files = (
			);
			inputPaths = (
				"${PODS_PODFILE_DIR_PATH}/Podfile.lock",
				"${PODS_ROOT}/Manifest.lock",
			);
			name = "[CP] Check Pods Manifest.lock";
			outputPaths = (
				"$(DERIVED_FILE_DIR)/Pods-Vote-checkManifestLockResult.txt",
			);
			runOnlyForDeploymentPostprocessing = 0;
			shellPath = /bin/sh;
			shellScript = "diff \"${PODS_PODFILE_DIR_PATH}/Podfile.lock\" \"${PODS_ROOT}/Manifest.lock\" > /dev/null\nif [ $? != 0 ] ; then\n    # print error to STDERR\n    echo \"error: The sandbox is not in sync with the Podfile.lock. Run 'pod install' or update your CocoaPods installation.\" >&2\n    exit 1\nfi\n# This output is used by Xcode 'outputs' to avoid re-running this script phase.\necho \"SUCCESS\" > \"${SCRIPT_OUTPUT_FILE_0}\"\n";
			showEnvVarsInLog = 0;
		};
		F1E6AD960D2596BB9E9B94C8 /* [CP] Embed Pods Frameworks */ = {
			isa = PBXShellScriptBuildPhase;
			buildActionMask = 2147483647;
			files = (
			);
			inputPaths = (
				"${SRCROOT}/Pods/Target Support Files/Pods-Vote/Pods-Vote-frameworks.sh",
				"${BUILT_PRODUCTS_DIR}/Alamofire/Alamofire.framework",
				"${BUILT_PRODUCTS_DIR}/Kingfisher/Kingfisher.framework",
				"${BUILT_PRODUCTS_DIR}/ObjectMapper/ObjectMapper.framework",
				"${BUILT_PRODUCTS_DIR}/SnapKit/SnapKit.framework",
				"${BUILT_PRODUCTS_DIR}/SwiftyJSON/SwiftyJSON.framework",
				"${BUILT_PRODUCTS_DIR}/XCGLogger/XCGLogger.framework",
			);
			name = "[CP] Embed Pods Frameworks";
			outputPaths = (
				"${TARGET_BUILD_DIR}/${FRAMEWORKS_FOLDER_PATH}/Alamofire.framework",
				"${TARGET_BUILD_DIR}/${FRAMEWORKS_FOLDER_PATH}/Kingfisher.framework",
				"${TARGET_BUILD_DIR}/${FRAMEWORKS_FOLDER_PATH}/ObjectMapper.framework",
				"${TARGET_BUILD_DIR}/${FRAMEWORKS_FOLDER_PATH}/SnapKit.framework",
				"${TARGET_BUILD_DIR}/${FRAMEWORKS_FOLDER_PATH}/SwiftyJSON.framework",
				"${TARGET_BUILD_DIR}/${FRAMEWORKS_FOLDER_PATH}/XCGLogger.framework",
			);
			runOnlyForDeploymentPostprocessing = 0;
			shellPath = /bin/sh;
			shellScript = "\"${SRCROOT}/Pods/Target Support Files/Pods-Vote/Pods-Vote-frameworks.sh\"\n";
			showEnvVarsInLog = 0;
		};
/* End PBXShellScriptBuildPhase section */

/* Begin PBXSourcesBuildPhase section */
		279F66E31FBAE7FA008E66A3 /* Sources */ = {
			isa = PBXSourcesBuildPhase;
			buildActionMask = 2147483647;
			files = (
				4C5CA8E81FCEB1260033F3E4 /* EditUserInterestTableViewController.swift in Sources */,
				4CA04A4D1FE8E4D900ECEDE4 /* MyDraftTableViewCell.swift in Sources */,
				93586BC720275C0E007F84B1 /* Config.swift in Sources */,
				4CA04A651FEA5BD900ECEDE4 /* SurveyTarget02TableViewCell.swift in Sources */,
				93586BFB20276E96007F84B1 /* UIColor+VT.swift in Sources */,
				27720E591FBC1EB400FAE613 /* PutListTableController.swift in Sources */,
				9362F244202A7D9300E3F255 /* UIImageView+VT.swift in Sources */,
				4C31C99E1FDDA53B00179BDE /* LoginTableViewController.swift in Sources */,
				4CA04A691FEA5C1600ECEDE4 /* SurveyTarget03TableViewCell.swift in Sources */,
				279F66ED1FBAE7FA008E66A3 /* ContentController.swift in Sources */,
				93586BC620275C0E007F84B1 /* APIDefine.swift in Sources */,
				4CC6D4141FCD3F31009B7F02 /* QuestionnaireTableViewController.swift in Sources */,
				4CA04A4F1FE8E4EE00ECEDE4 /* MyDraftTableViewController.swift in Sources */,
				4CC6D40E1FCD0D78009B7F02 /* AccountTableViewController.swift in Sources */,
				2736666F1FC3CCAF004D77B4 /* SelectedTypeController.swift in Sources */,
				9303689A2029D86600C8FB55 /* VTAlert.swift in Sources */,
				279F66F31FBAE7FA008E66A3 /* Vote.xcdatamodeld in Sources */,
				4C37CC771FCD6FF50085FDAB /* EditUserPhotoTableViewController.swift in Sources */,
				9303689320296AFF00C8FB55 /* UserService.swift in Sources */,
				27C815D41FBD6335009C17DA /* PutListCell.swift in Sources */,
				27720E571FBC1EA200FAE613 /* PutMainTableController.swift in Sources */,
				4C2DF38A1FE22FD600190472 /* MultipleChoiceTableViewController.swift in Sources */,
				4CC6D4101FCD1331009B7F02 /* WithdrawTableViewController.swift in Sources */,
				279F66EB1FBAE7FA008E66A3 /* AppDelegate.swift in Sources */,
				93586C062027743F007F84B1 /* UIScrollView+VT.swift in Sources */,
				4C37CC751FCD6D3A0085FDAB /* UserInformationEditingTableViewController.swift in Sources */,
				93586C042027717C007F84B1 /* BaseViewController.swift in Sources */,
				4CA04A631FEA5BC700ECEDE4 /* SurveyTarget02TableViewController.swift in Sources */,
				93586BCB20275C4E007F84B1 /* VHelper.swift in Sources */,
				27ADA35C1FBE88110083ACCA /* NavigationTableView.swift in Sources */,
				93586BF020276079007F84B1 /* FileManager+VT.swift in Sources */,
				4C767A251FD6869F0026387A /* UserInformationEditingThreeViewController.swift in Sources */,
				93586BF420276560007F84B1 /* VUserDefaults.swift in Sources */,
				93586BF120276079007F84B1 /* Error+VT.swift in Sources */,
				27C77B8B1FC2AB0500F807EF /* PutFirstViewController.swift in Sources */,
				4C34F7111FE1037E007F8F57 /* EditQuestionnaireNameViewController.swift in Sources */,
				4CA04A611FEA5BB100ECEDE4 /* SurveyTarget01TableViewCell.swift in Sources */,
				4C768D821FD9253A00A53447 /* EditUserInformationTwoTableViewCell.swift in Sources */,
				4C31C99C1FDD575000179BDE /* AddBankCardTableViewController.swift in Sources */,
				279F671E1FBAE862008E66A3 /* VoteListsCell.swift in Sources */,
				4CC6D4181FCD5554009B7F02 /* QuestionnaireDetailsTableViewController.swift in Sources */,
				9303689720296E2100C8FB55 /* NetworkService.swift in Sources */,
				93586BCC20275C4E007F84B1 /* VLoger.swift in Sources */,
				4C4C99381FDD1ED90097704E /* BankCardTableViewController.swift in Sources */,
				4C4C993A1FDD22550097704E /* BankCardTableViewCell.swift in Sources */,
				4C5CA8F21FCEB61D0033F3E4 /* EditUserInformationOneViewController.swift in Sources */,
				4CA04A671FEA5C0800ECEDE4 /* SurveyTarget03TableViewController.swift in Sources */,
				4CC6D4121FCD3232009B7F02 /* RechargeTableViewController.swift in Sources */,
				4CA04A511FE9FDD400ECEDE4 /* SetTableViewController.swift in Sources */,
				4CC6D4161FCD431A009B7F02 /* QuestionnaireTableViewCell.swift in Sources */,
				93586BFD20277025007F84B1 /* String+VT.swift in Sources */,
				4CA04A5F1FEA5BA100ECEDE4 /* SurveyTarget01TableViewController.swift in Sources */,
				279F67241FBAEDFC008E66A3 /* VoteContentController.swift in Sources */,
				27ADA3581FBE86330083ACCA /* MainViewController.swift in Sources */,
				663A3A812015CECD0094EB75 /* XYDVoteContentModel.swift in Sources */,
				93586BF920276E42007F84B1 /* MenuButtonView.swift in Sources */,
				4C768D801FD808A800A53447 /* UserDefaultsName.swift in Sources */,
				4C5CA8F01FCEB4B30033F3E4 /* EditUserInformationTwoTableViewController.swift in Sources */,
				9303689520296B3B00C8FB55 /* BaseService.swift in Sources */,
				4CC6D40C1FCCF8FF009B7F02 /* PersonalCenterTableViewController.swift in Sources */,
				93036890202968C000C8FB55 /* User.swift in Sources */,
			);
			runOnlyForDeploymentPostprocessing = 0;
		};
/* End PBXSourcesBuildPhase section */

/* Begin PBXVariantGroup section */
		279F66EE1FBAE7FA008E66A3 /* Main.storyboard */ = {
			isa = PBXVariantGroup;
			children = (
				279F66EF1FBAE7FA008E66A3 /* Base */,
			);
			name = Main.storyboard;
			sourceTree = "<group>";
		};
		279F66F61FBAE7FA008E66A3 /* LaunchScreen.storyboard */ = {
			isa = PBXVariantGroup;
			children = (
				279F66F71FBAE7FA008E66A3 /* Base */,
			);
			name = LaunchScreen.storyboard;
			sourceTree = "<group>";
		};
/* End PBXVariantGroup section */

/* Begin XCBuildConfiguration section */
		279F67101FBAE7FA008E66A3 /* Debug */ = {
			isa = XCBuildConfiguration;
			buildSettings = {
				ALWAYS_SEARCH_USER_PATHS = NO;
				CLANG_ANALYZER_NONNULL = YES;
				CLANG_ANALYZER_NUMBER_OBJECT_CONVERSION = YES_AGGRESSIVE;
				CLANG_CXX_LANGUAGE_STANDARD = "gnu++14";
				CLANG_CXX_LIBRARY = "libc++";
				CLANG_ENABLE_MODULES = YES;
				CLANG_ENABLE_OBJC_ARC = YES;
				CLANG_WARN_BLOCK_CAPTURE_AUTORELEASING = YES;
				CLANG_WARN_BOOL_CONVERSION = YES;
				CLANG_WARN_COMMA = YES;
				CLANG_WARN_CONSTANT_CONVERSION = YES;
				CLANG_WARN_DIRECT_OBJC_ISA_USAGE = YES_ERROR;
				CLANG_WARN_DOCUMENTATION_COMMENTS = YES;
				CLANG_WARN_EMPTY_BODY = YES;
				CLANG_WARN_ENUM_CONVERSION = YES;
				CLANG_WARN_INFINITE_RECURSION = YES;
				CLANG_WARN_INT_CONVERSION = YES;
				CLANG_WARN_NON_LITERAL_NULL_CONVERSION = YES;
				CLANG_WARN_OBJC_LITERAL_CONVERSION = YES;
				CLANG_WARN_OBJC_ROOT_CLASS = YES_ERROR;
				CLANG_WARN_RANGE_LOOP_ANALYSIS = YES;
				CLANG_WARN_STRICT_PROTOTYPES = YES;
				CLANG_WARN_SUSPICIOUS_MOVE = YES;
				CLANG_WARN_UNGUARDED_AVAILABILITY = YES_AGGRESSIVE;
				CLANG_WARN_UNREACHABLE_CODE = YES;
				CLANG_WARN__DUPLICATE_METHOD_MATCH = YES;
				CODE_SIGN_IDENTITY = "iPhone Developer";
				COPY_PHASE_STRIP = NO;
				DEBUG_INFORMATION_FORMAT = dwarf;
				ENABLE_STRICT_OBJC_MSGSEND = YES;
				ENABLE_TESTABILITY = YES;
				GCC_C_LANGUAGE_STANDARD = gnu11;
				GCC_DYNAMIC_NO_PIC = NO;
				GCC_NO_COMMON_BLOCKS = YES;
				GCC_OPTIMIZATION_LEVEL = 0;
				GCC_PREPROCESSOR_DEFINITIONS = (
					"DEBUG=1",
					"$(inherited)",
				);
				GCC_WARN_64_TO_32_BIT_CONVERSION = YES;
				GCC_WARN_ABOUT_RETURN_TYPE = YES_ERROR;
				GCC_WARN_UNDECLARED_SELECTOR = YES;
				GCC_WARN_UNINITIALIZED_AUTOS = YES_AGGRESSIVE;
				GCC_WARN_UNUSED_FUNCTION = YES;
				GCC_WARN_UNUSED_VARIABLE = YES;
				IPHONEOS_DEPLOYMENT_TARGET = 11.1;
				MTL_ENABLE_DEBUG_INFO = YES;
				ONLY_ACTIVE_ARCH = YES;
				SDKROOT = iphoneos;
				SWIFT_ACTIVE_COMPILATION_CONDITIONS = DEBUG;
				SWIFT_OPTIMIZATION_LEVEL = "-Onone";
			};
			name = Debug;
		};
		279F67111FBAE7FA008E66A3 /* Release */ = {
			isa = XCBuildConfiguration;
			buildSettings = {
				ALWAYS_SEARCH_USER_PATHS = NO;
				CLANG_ANALYZER_NONNULL = YES;
				CLANG_ANALYZER_NUMBER_OBJECT_CONVERSION = YES_AGGRESSIVE;
				CLANG_CXX_LANGUAGE_STANDARD = "gnu++14";
				CLANG_CXX_LIBRARY = "libc++";
				CLANG_ENABLE_MODULES = YES;
				CLANG_ENABLE_OBJC_ARC = YES;
				CLANG_WARN_BLOCK_CAPTURE_AUTORELEASING = YES;
				CLANG_WARN_BOOL_CONVERSION = YES;
				CLANG_WARN_COMMA = YES;
				CLANG_WARN_CONSTANT_CONVERSION = YES;
				CLANG_WARN_DIRECT_OBJC_ISA_USAGE = YES_ERROR;
				CLANG_WARN_DOCUMENTATION_COMMENTS = YES;
				CLANG_WARN_EMPTY_BODY = YES;
				CLANG_WARN_ENUM_CONVERSION = YES;
				CLANG_WARN_INFINITE_RECURSION = YES;
				CLANG_WARN_INT_CONVERSION = YES;
				CLANG_WARN_NON_LITERAL_NULL_CONVERSION = YES;
				CLANG_WARN_OBJC_LITERAL_CONVERSION = YES;
				CLANG_WARN_OBJC_ROOT_CLASS = YES_ERROR;
				CLANG_WARN_RANGE_LOOP_ANALYSIS = YES;
				CLANG_WARN_STRICT_PROTOTYPES = YES;
				CLANG_WARN_SUSPICIOUS_MOVE = YES;
				CLANG_WARN_UNGUARDED_AVAILABILITY = YES_AGGRESSIVE;
				CLANG_WARN_UNREACHABLE_CODE = YES;
				CLANG_WARN__DUPLICATE_METHOD_MATCH = YES;
				CODE_SIGN_IDENTITY = "iPhone Developer";
				COPY_PHASE_STRIP = NO;
				DEBUG_INFORMATION_FORMAT = "dwarf-with-dsym";
				ENABLE_NS_ASSERTIONS = NO;
				ENABLE_STRICT_OBJC_MSGSEND = YES;
				GCC_C_LANGUAGE_STANDARD = gnu11;
				GCC_NO_COMMON_BLOCKS = YES;
				GCC_WARN_64_TO_32_BIT_CONVERSION = YES;
				GCC_WARN_ABOUT_RETURN_TYPE = YES_ERROR;
				GCC_WARN_UNDECLARED_SELECTOR = YES;
				GCC_WARN_UNINITIALIZED_AUTOS = YES_AGGRESSIVE;
				GCC_WARN_UNUSED_FUNCTION = YES;
				GCC_WARN_UNUSED_VARIABLE = YES;
				IPHONEOS_DEPLOYMENT_TARGET = 11.1;
				MTL_ENABLE_DEBUG_INFO = NO;
				SDKROOT = iphoneos;
				SWIFT_OPTIMIZATION_LEVEL = "-Owholemodule";
				VALIDATE_PRODUCT = YES;
			};
			name = Release;
		};
		279F67131FBAE7FA008E66A3 /* Debug */ = {
			isa = XCBuildConfiguration;
			baseConfigurationReference = 237D3BAF53D0A47A4B7A1AFB /* Pods-Vote.debug.xcconfig */;
			buildSettings = {
				ASSETCATALOG_COMPILER_APPICON_NAME = AppIcon;
				ASSETCATALOG_COMPILER_LAUNCHIMAGE_NAME = LaunchImage;
				CODE_SIGN_IDENTITY = "iPhone Developer";
				CODE_SIGN_STYLE = Automatic;
				DEVELOPMENT_TEAM = EBYBH4VL43;
				INFOPLIST_FILE = Vote/Info.plist;
				IPHONEOS_DEPLOYMENT_TARGET = 11.1;
				LD_RUNPATH_SEARCH_PATHS = "$(inherited) @executable_path/Frameworks";
				PRODUCT_BUNDLE_IDENTIFIER = com.toupiaotc.vote;
				PRODUCT_NAME = "$(TARGET_NAME)";
				SWIFT_VERSION = 4.0;
				TARGETED_DEVICE_FAMILY = 1;
			};
			name = Debug;
		};
		279F67141FBAE7FA008E66A3 /* Release */ = {
			isa = XCBuildConfiguration;
			baseConfigurationReference = 6ECD1ACA2433541820D9C1F5 /* Pods-Vote.release.xcconfig */;
			buildSettings = {
				ASSETCATALOG_COMPILER_APPICON_NAME = AppIcon;
				ASSETCATALOG_COMPILER_LAUNCHIMAGE_NAME = LaunchImage;
				CODE_SIGN_IDENTITY = "iPhone Developer";
				CODE_SIGN_STYLE = Automatic;
				DEVELOPMENT_TEAM = EBYBH4VL43;
				INFOPLIST_FILE = Vote/Info.plist;
				IPHONEOS_DEPLOYMENT_TARGET = 11.1;
				LD_RUNPATH_SEARCH_PATHS = "$(inherited) @executable_path/Frameworks";
				PRODUCT_BUNDLE_IDENTIFIER = com.toupiaotc.vote;
				PRODUCT_NAME = "$(TARGET_NAME)";
				SWIFT_VERSION = 4.0;
				TARGETED_DEVICE_FAMILY = 1;
			};
			name = Release;
		};
/* End XCBuildConfiguration section */

/* Begin XCConfigurationList section */
		279F66E21FBAE7FA008E66A3 /* Build configuration list for PBXProject "Vote" */ = {
			isa = XCConfigurationList;
			buildConfigurations = (
				279F67101FBAE7FA008E66A3 /* Debug */,
				279F67111FBAE7FA008E66A3 /* Release */,
			);
			defaultConfigurationIsVisible = 0;
			defaultConfigurationName = Release;
		};
		279F67121FBAE7FA008E66A3 /* Build configuration list for PBXNativeTarget "Vote" */ = {
			isa = XCConfigurationList;
			buildConfigurations = (
				279F67131FBAE7FA008E66A3 /* Debug */,
				279F67141FBAE7FA008E66A3 /* Release */,
			);
			defaultConfigurationIsVisible = 0;
			defaultConfigurationName = Release;
		};
/* End XCConfigurationList section */

/* Begin XCVersionGroup section */
		279F66F11FBAE7FA008E66A3 /* Vote.xcdatamodeld */ = {
			isa = XCVersionGroup;
			children = (
				279F66F21FBAE7FA008E66A3 /* Vote.xcdatamodel */,
			);
			currentVersion = 279F66F21FBAE7FA008E66A3 /* Vote.xcdatamodel */;
			path = Vote.xcdatamodeld;
			sourceTree = "<group>";
			versionGroupType = wrapper.xcdatamodel;
		};
/* End XCVersionGroup section */
	};
	rootObject = 279F66DF1FBAE7FA008E66A3 /* Project object */;
}
